// !$*UTF8*$!
{
	archiveVersion = 1;
	classes = {
	};
	objectVersion = 46;
	objects = {

/* Begin PBXBuildFile section */
		9409DC9C19A95F0200F9842B /* TileDiscardPolicy.swift in Sources */ = {isa = PBXBuildFile; fileRef = 9409DC9B19A95F0200F9842B /* TileDiscardPolicy.swift */; };
		9409DC9E19A962A200F9842B /* Image.swift in Sources */ = {isa = PBXBuildFile; fileRef = 9409DC9D19A962A200F9842B /* Image.swift */; };
		940AE97F197B735200A33FF4 /* PixelFormat.swift in Sources */ = {isa = PBXBuildFile; fileRef = 940AE97E197B735200A33FF4 /* PixelFormat.swift */; };
		940AE981197B75CE00A33FF4 /* PixelDatatype.swift in Sources */ = {isa = PBXBuildFile; fileRef = 940AE980197B75CE00A33FF4 /* PixelDatatype.swift */; };
		940F3AC3194C5E4400E6E6E3 /* GeographicTilingScheme.swift in Sources */ = {isa = PBXBuildFile; fileRef = 940F3AC2194C5E4400E6E6E3 /* GeographicTilingScheme.swift */; };
		9413F071194AB2E700FEE30C /* EllipsoidTerrainProvider.swift in Sources */ = {isa = PBXBuildFile; fileRef = 9413F070194AB2E700FEE30C /* EllipsoidTerrainProvider.swift */; };
		9417EC451942C31B00586516 /* Interval.swift in Sources */ = {isa = PBXBuildFile; fileRef = 9417EC441942C31B00586516 /* Interval.swift */; };
		941E2134199ED26A00012DC4 /* GLSupport.swift in Sources */ = {isa = PBXBuildFile; fileRef = 941E2133199ED26A00012DC4 /* GLSupport.swift */; };
		941E2163199EDC3600012DC4 /* ImageBuffer.swift in Sources */ = {isa = PBXBuildFile; fileRef = 941E2162199EDC3600012DC4 /* ImageBuffer.swift */; };
		942A83E2193878DE00012DC4 /* CSHeightMapTerrainData.m in Sources */ = {isa = PBXBuildFile; fileRef = 942A83E1193878DE00012DC4 /* CSHeightMapTerrainData.m */; };
		942AEB1B1955286F00CD0858 /* ComponentDataType.swift in Sources */ = {isa = PBXBuildFile; fileRef = 942AEB1A1955286F00CD0858 /* ComponentDataType.swift */; };
		942CD41819553F9E00012DC4 /* GeometryAttributes.swift in Sources */ = {isa = PBXBuildFile; fileRef = 942CD41719553F9E00012DC4 /* GeometryAttributes.swift */; };
		942CEED3199E063E00012DC4 /* SkyBox.swift in Sources */ = {isa = PBXBuildFile; fileRef = 942CEED2199E063E00012DC4 /* SkyBox.swift */; };
		942D02EC194DBC1E00012DC4 /* DrawCommand.swift in Sources */ = {isa = PBXBuildFile; fileRef = 942D02EB194DBC1E00012DC4 /* DrawCommand.swift */; };
		942D02EE194DBD0800012DC4 /* PrimitiveType.swift in Sources */ = {isa = PBXBuildFile; fileRef = 942D02ED194DBD0800012DC4 /* PrimitiveType.swift */; };
		942D02F0194DBDDF00012DC4 /* VertexArray.swift in Sources */ = {isa = PBXBuildFile; fileRef = 942D02EF194DBDDF00012DC4 /* VertexArray.swift */; };
		94327177195468EA0011D8FC /* Transforms.swift in Sources */ = {isa = PBXBuildFile; fileRef = 94327176195468EA0011D8FC /* Transforms.swift */; };
		943744F61945D09F0017FE14 /* Cartographic.swift in Sources */ = {isa = PBXBuildFile; fileRef = 943744F51945D09F0017FE14 /* Cartographic.swift */; };
		943744F81945D5320017FE14 /* Ellipsoid.swift in Sources */ = {isa = PBXBuildFile; fileRef = 943744F71945D5320017FE14 /* Ellipsoid.swift */; };
		943999501930418C00012DC4 /* CSEllipsoidGeometry.m in Sources */ = {isa = PBXBuildFile; fileRef = 9439991B1930418C00012DC4 /* CSEllipsoidGeometry.m */; };
		943D25B11947128A00263D91 /* Rectangle.swift in Sources */ = {isa = PBXBuildFile; fileRef = 943D25B01947128A00263D91 /* Rectangle.swift */; };
		9444499E1948326C009D1703 /* Projection.swift in Sources */ = {isa = PBXBuildFile; fileRef = 9444499D1948326C009D1703 /* Projection.swift */; };
		944449A01948331C009D1703 /* GeographicProjection.swift in Sources */ = {isa = PBXBuildFile; fileRef = 9444499F1948331C009D1703 /* GeographicProjection.swift */; };
		9451509B193ADB8600012DC4 /* CSHeightMapStructure.m in Sources */ = {isa = PBXBuildFile; fileRef = 9451509A193ADB8600012DC4 /* CSHeightMapStructure.m */; };
		945150A4193C648700012DC4 /* CSHeightMapTessellator.m in Sources */ = {isa = PBXBuildFile; fileRef = 945150A3193C648700012DC4 /* CSHeightMapTessellator.m */; };
		9454041E199EFDFA00012DC4 /* OpenGLES.framework in Frameworks */ = {isa = PBXBuildFile; fileRef = 9454041D199EFDFA00012DC4 /* OpenGLES.framework */; };
		9454041F199EFE7E00012DC4 /* CesiumKit.swift in Headers */ = {isa = PBXBuildFile; fileRef = 94DF8300199A0A9100FB093D /* CesiumKit.swift */; settings = {ATTRIBUTES = (Public, ); }; };
		94540421199F03C300012DC4 /* JulianDate.swift in Sources */ = {isa = PBXBuildFile; fileRef = 94540420199F03C300012DC4 /* JulianDate.swift */; };
		94540423199F045600012DC4 /* Event.swift in Sources */ = {isa = PBXBuildFile; fileRef = 94540422199F045600012DC4 /* Event.swift */; };
		94540425199F05D300012DC4 /* FrustumCommands.swift in Sources */ = {isa = PBXBuildFile; fileRef = 94540424199F05D300012DC4 /* FrustumCommands.swift */; };
		94540427199F478F00012DC4 /* Sampler.swift in Sources */ = {isa = PBXBuildFile; fileRef = 94540426199F478F00012DC4 /* Sampler.swift */; };
		94540429199F4CD900012DC4 /* QuadTreeTile.swift in Sources */ = {isa = PBXBuildFile; fileRef = 94540428199F4CD900012DC4 /* QuadTreeTile.swift */; };
		9454042B199F4FD900012DC4 /* QuadTreeTileLoadState.swift in Sources */ = {isa = PBXBuildFile; fileRef = 9454042A199F4FD900012DC4 /* QuadTreeTileLoadState.swift */; };
		9454042D199F5B4600012DC4 /* GlobeSurfaceTile.swift in Sources */ = {isa = PBXBuildFile; fileRef = 9454042C199F5B4600012DC4 /* GlobeSurfaceTile.swift */; };
		9454042F199F5C7D00012DC4 /* TileTerrain.swift in Sources */ = {isa = PBXBuildFile; fileRef = 9454042E199F5C7D00012DC4 /* TileTerrain.swift */; };
		94540431199F5D0900012DC4 /* TerrainState.swift in Sources */ = {isa = PBXBuildFile; fileRef = 94540430199F5D0900012DC4 /* TerrainState.swift */; };
		94540433199F5F3F00012DC4 /* TileImagery.swift in Sources */ = {isa = PBXBuildFile; fileRef = 94540432199F5F3F00012DC4 /* TileImagery.swift */; };
		94540435199F62C900012DC4 /* ImageryState.swift in Sources */ = {isa = PBXBuildFile; fileRef = 94540434199F62C900012DC4 /* ImageryState.swift */; };
		94540437199F63A700012DC4 /* Imagery.swift in Sources */ = {isa = PBXBuildFile; fileRef = 94540436199F63A700012DC4 /* Imagery.swift */; };
		94540439199F649000012DC4 /* ImageryLayer.swift in Sources */ = {isa = PBXBuildFile; fileRef = 94540438199F649000012DC4 /* ImageryLayer.swift */; };
		945D2DBC193D7FA900012DC4 /* EllipsoidalOccluder.swift in Sources */ = {isa = PBXBuildFile; fileRef = 945D2DBB193D7FA900012DC4 /* EllipsoidalOccluder.swift */; };
		9460F807194DA5AF00012DC4 /* Visibility.swift in Sources */ = {isa = PBXBuildFile; fileRef = 9460F806194DA5AF00012DC4 /* Visibility.swift */; };
		9460F809194DA7F800012DC4 /* PassState.swift in Sources */ = {isa = PBXBuildFile; fileRef = 9460F808194DA7F800012DC4 /* PassState.swift */; };
		9460F80B194DA8A400012DC4 /* Framebuffer.swift in Sources */ = {isa = PBXBuildFile; fileRef = 9460F80A194DA8A400012DC4 /* Framebuffer.swift */; };
		9460F80D194DAA6200012DC4 /* Globe.swift in Sources */ = {isa = PBXBuildFile; fileRef = 9460F80C194DAA6200012DC4 /* Globe.swift */; };
		9460F80F194DABF000012DC4 /* ImageryLayerCollection.swift in Sources */ = {isa = PBXBuildFile; fileRef = 9460F80E194DABF000012DC4 /* ImageryLayerCollection.swift */; };
		9460F813194DAE9300012DC4 /* GlobeSurfaceShaderSet.swift in Sources */ = {isa = PBXBuildFile; fileRef = 9460F812194DAE9300012DC4 /* GlobeSurfaceShaderSet.swift */; };
		9460F815194DAF7000012DC4 /* TerrainAttributeLocations.swift in Sources */ = {isa = PBXBuildFile; fileRef = 9460F814194DAF7000012DC4 /* TerrainAttributeLocations.swift */; };
		9460F817194DB0ED00012DC4 /* ShaderProgram.swift in Sources */ = {isa = PBXBuildFile; fileRef = 9460F816194DB0ED00012DC4 /* ShaderProgram.swift */; };
		9460F819194DB80500012DC4 /* RenderState.swift in Sources */ = {isa = PBXBuildFile; fileRef = 9460F818194DB80500012DC4 /* RenderState.swift */; };
		9460F81B194DB87400012DC4 /* ClearCommand.swift in Sources */ = {isa = PBXBuildFile; fileRef = 9460F81A194DB87400012DC4 /* ClearCommand.swift */; };
		9465B0221956F53700355D2C /* ShaderCache.swift in Sources */ = {isa = PBXBuildFile; fileRef = 9465B0211956F53700355D2C /* ShaderCache.swift */; };
		9465B0241956F5A400355D2C /* UniformState.swift in Sources */ = {isa = PBXBuildFile; fileRef = 9465B0231956F5A400355D2C /* UniformState.swift */; };
		9465B0261956F5DE00355D2C /* Texture.swift in Sources */ = {isa = PBXBuildFile; fileRef = 9465B0251956F5DE00355D2C /* Texture.swift */; };
		9465B0281956F61400355D2C /* CubeMap.swift in Sources */ = {isa = PBXBuildFile; fileRef = 9465B0271956F61400355D2C /* CubeMap.swift */; };
		946D25AA19592BFD0080379D /* Ray.swift in Sources */ = {isa = PBXBuildFile; fileRef = 946D25A919592BFD0080379D /* Ray.swift */; };
		947540E119483BD5005251CC /* WebMercatorProjection.swift in Sources */ = {isa = PBXBuildFile; fileRef = 947540E019483BD5005251CC /* WebMercatorProjection.swift */; };
		94786823194A959200B3F462 /* TerrainMesh.swift in Sources */ = {isa = PBXBuildFile; fileRef = 94786822194A959200B3F462 /* TerrainMesh.swift */; };
		94786825194A95B800B3F462 /* TerrainData.swift in Sources */ = {isa = PBXBuildFile; fileRef = 94786824194A95B800B3F462 /* TerrainData.swift */; };
		947BD5A9199DB1D80042D9BF /* PrimitiveCollection.swift in Sources */ = {isa = PBXBuildFile; fileRef = 947BD5A8199DB1D80042D9BF /* PrimitiveCollection.swift */; };
		948B802E194D3BD900012DC4 /* VertexFormat.swift in Sources */ = {isa = PBXBuildFile; fileRef = 948B802D194D3BD900012DC4 /* VertexFormat.swift */; };
		948B8030194D462F00012DC4 /* Quarternion.swift in Sources */ = {isa = PBXBuildFile; fileRef = 948B802F194D462F00012DC4 /* Quarternion.swift */; };
		948D03D91944802300DC0E52 /* BoundingSphere.swift in Sources */ = {isa = PBXBuildFile; fileRef = 948D03D81944802300DC0E52 /* BoundingSphere.swift */; };
		948D03DB19449DC900DC0E52 /* Cartesian3.swift in Sources */ = {isa = PBXBuildFile; fileRef = 948D03DA19449DC900DC0E52 /* Cartesian3.swift */; };
		948D03DD19449E9600DC0E52 /* Packable.swift in Sources */ = {isa = PBXBuildFile; fileRef = 948D03DC19449E9600DC0E52 /* Packable.swift */; };
		948D03DF1944EC1B00DC0E52 /* Spherical.swift in Sources */ = {isa = PBXBuildFile; fileRef = 948D03DE1944EC1B00DC0E52 /* Spherical.swift */; };
		948D03E11944F1E200DC0E52 /* Cartesian4.swift in Sources */ = {isa = PBXBuildFile; fileRef = 948D03E01944F1E200DC0E52 /* Cartesian4.swift */; };
		948D55E9194982AB005A4DD6 /* Math.swift in Sources */ = {isa = PBXBuildFile; fileRef = 948D55E8194982AB005A4DD6 /* Math.swift */; };
		9491BBB01949D084007C1C4C /* TerrainProvider.swift in Sources */ = {isa = PBXBuildFile; fileRef = 9491BBAF1949D084007C1C4C /* TerrainProvider.swift */; };
		9491BBB61949D63A007C1C4C /* TilingScheme.swift in Sources */ = {isa = PBXBuildFile; fileRef = 9491BBB51949D63A007C1C4C /* TilingScheme.swift */; };
		949AABAD199F730700037973 /* QuadTreePrimitive.swift in Sources */ = {isa = PBXBuildFile; fileRef = 949AABAC199F730700037973 /* QuadTreePrimitive.swift */; };
		949AABAF199F73C600037973 /* GlobeSurfaceTileProvider.swift in Sources */ = {isa = PBXBuildFile; fileRef = 949AABAE199F73C600037973 /* GlobeSurfaceTileProvider.swift */; };
		949ABA8119410120009B1183 /* Intersect.swift in Sources */ = {isa = PBXBuildFile; fileRef = 949ABA8019410120009B1183 /* Intersect.swift */; };
		94A25E65196E711000012DC4 /* WindingOrder.swift in Sources */ = {isa = PBXBuildFile; fileRef = 94A25E64196E711000012DC4 /* WindingOrder.swift */; };
		94B6C5B41970A07C008792D9 /* Credit.swift in Sources */ = {isa = PBXBuildFile; fileRef = 9491BBB11949D156007C1C4C /* Credit.swift */; };
		94B87DBF194D620E00012DC4 /* Matrix.swift in Sources */ = {isa = PBXBuildFile; fileRef = 94B87DBE194D620E00012DC4 /* Matrix.swift */; };
		94B87DC1194D678D00012DC4 /* Scene.swift in Sources */ = {isa = PBXBuildFile; fileRef = 94B87DC0194D678D00012DC4 /* Scene.swift */; };
		94B87DC5194D699400012DC4 /* Context.swift in Sources */ = {isa = PBXBuildFile; fileRef = 94B87DC4194D699400012DC4 /* Context.swift */; };
		94B87DC7194D6ADF00012DC4 /* FrameState.swift in Sources */ = {isa = PBXBuildFile; fileRef = 94B87DC6194D6ADF00012DC4 /* FrameState.swift */; };
		94B87DC9194D6B0A00012DC4 /* SceneMode.swift in Sources */ = {isa = PBXBuildFile; fileRef = 94B87DC8194D6B0A00012DC4 /* SceneMode.swift */; };
		94B87DCB194D6F5000012DC4 /* Camera.swift in Sources */ = {isa = PBXBuildFile; fileRef = 94B87DCA194D6F5000012DC4 /* Camera.swift */; };
		94B87DCD194D706800012DC4 /* CullingVolume.swift in Sources */ = {isa = PBXBuildFile; fileRef = 94B87DCC194D706800012DC4 /* CullingVolume.swift */; };
		94B87DCF194D71A200012DC4 /* Intersectable.swift in Sources */ = {isa = PBXBuildFile; fileRef = 94B87DCE194D71A200012DC4 /* Intersectable.swift */; };
		94B87DD1194D75A100012DC4 /* Occluder.swift in Sources */ = {isa = PBXBuildFile; fileRef = 94B87DD0194D75A100012DC4 /* Occluder.swift */; };
		94BA59F119A695DD0049322D /* OrthographicFrustum.swift in Sources */ = {isa = PBXBuildFile; fileRef = 94BA59F019A695DD0049322D /* OrthographicFrustum.swift */; };
		94BA59F319A6DA640049322D /* PerspectiveFrustum.swift in Sources */ = {isa = PBXBuildFile; fileRef = 94BA59F219A6DA640049322D /* PerspectiveFrustum.swift */; };
		94BC4355194816B8007117F2 /* BoundingRectangle.swift in Sources */ = {isa = PBXBuildFile; fileRef = 94BC4354194816B8007117F2 /* BoundingRectangle.swift */; };
		94BC43571948189A007117F2 /* Cartesian2.swift in Sources */ = {isa = PBXBuildFile; fileRef = 94BC43561948189A007117F2 /* Cartesian2.swift */; };
		94C57E1419722AB90046791A /* Matrix4.swift in Sources */ = {isa = PBXBuildFile; fileRef = 94C57E1319722AB90046791A /* Matrix4.swift */; };
		94CD3FAB199B5A1B00012DC4 /* CubeMapFace.swift in Sources */ = {isa = PBXBuildFile; fileRef = 94CD3FAA199B5A1A00012DC4 /* CubeMapFace.swift */; };
		94CD3FAF199B6F8A00012DC4 /* Clock.swift in Sources */ = {isa = PBXBuildFile; fileRef = 94CD3FAE199B6F8A00012DC4 /* Clock.swift */; };
		94DC79261918425300012DC4 /* Foundation.framework in Frameworks */ = {isa = PBXBuildFile; fileRef = 94DC79251918425300012DC4 /* Foundation.framework */; };
		94DC79341918425300012DC4 /* XCTest.framework in Frameworks */ = {isa = PBXBuildFile; fileRef = 94DC79331918425300012DC4 /* XCTest.framework */; };
		94DC79351918425300012DC4 /* Foundation.framework in Frameworks */ = {isa = PBXBuildFile; fileRef = 94DC79251918425300012DC4 /* Foundation.framework */; };
		94DC79371918425300012DC4 /* UIKit.framework in Frameworks */ = {isa = PBXBuildFile; fileRef = 94DC79361918425300012DC4 /* UIKit.framework */; };
		94DC793A1918425300012DC4 /* CesiumKit.dylib in Frameworks */ = {isa = PBXBuildFile; fileRef = 94DC79221918425300012DC4 /* CesiumKit.dylib */; };
		94DC79401918425300012DC4 /* InfoPlist.strings in Resources */ = {isa = PBXBuildFile; fileRef = 94DC793E1918425300012DC4 /* InfoPlist.strings */; };
		94DC79421918425300012DC4 /* CesiumKitTests.m in Sources */ = {isa = PBXBuildFile; fileRef = 94DC79411918425300012DC4 /* CesiumKitTests.m */; };
		94DF8301199A0A9100FB093D /* CesiumKit.swift in Sources */ = {isa = PBXBuildFile; fileRef = 94DF8300199A0A9100FB093D /* CesiumKit.swift */; };
		94E4CB2C1950581300F7E37D /* Pass.swift in Sources */ = {isa = PBXBuildFile; fileRef = 94E4CB2B1950581300F7E37D /* Pass.swift */; };
		94E61B3C194ACC2000415870 /* WebMercatorTilingScheme.swift in Sources */ = {isa = PBXBuildFile; fileRef = 94E61B3B194ACC2000415870 /* WebMercatorTilingScheme.swift */; };
		94E7A861199DD48000012DC4 /* ScreenSpaceCameraController.swift in Sources */ = {isa = PBXBuildFile; fileRef = 94E7A860199DD48000012DC4 /* ScreenSpaceCameraController.swift */; };
		94E7A863199DD71600012DC4 /* ScreenSpaceEventHandler.swift in Sources */ = {isa = PBXBuildFile; fileRef = 94E7A862199DD71600012DC4 /* ScreenSpaceEventHandler.swift */; };
		94E7A865199E02AB00012DC4 /* BingMapsImageryProvider.swift in Sources */ = {isa = PBXBuildFile; fileRef = 94E7A864199E02AB00012DC4 /* BingMapsImageryProvider.swift */; };
		94E8511619A81461006B7780 /* PerspectiveOffCenterFrustum.swift in Sources */ = {isa = PBXBuildFile; fileRef = 94E8511519A81461006B7780 /* PerspectiveOffCenterFrustum.swift */; };
		94E9BA1B19550A9600012DC4 /* Geometry.swift in Sources */ = {isa = PBXBuildFile; fileRef = 94E9BA1A19550A9600012DC4 /* Geometry.swift */; };
		94E9BA1D19550B5E00012DC4 /* GeometryAttribute.swift in Sources */ = {isa = PBXBuildFile; fileRef = 94E9BA1C19550B5E00012DC4 /* GeometryAttribute.swift */; };
/* End PBXBuildFile section */

/* Begin PBXContainerItemProxy section */
		94DC79381918425300012DC4 /* PBXContainerItemProxy */ = {
			isa = PBXContainerItemProxy;
			containerPortal = 94DC791A1918425300012DC4 /* Project object */;
			proxyType = 1;
			remoteGlobalIDString = 94DC79211918425300012DC4;
			remoteInfo = CesiumKit;
		};
/* End PBXContainerItemProxy section */

/* Begin PBXCopyFilesBuildPhase section */
		94DC79201918425300012DC4 /* CopyFiles */ = {
			isa = PBXCopyFilesBuildPhase;
			buildActionMask = 2147483647;
			dstPath = "include/$(PRODUCT_NAME)";
			dstSubfolderSpec = 16;
			files = (
			);
			runOnlyForDeploymentPostprocessing = 0;
		};
/* End PBXCopyFilesBuildPhase section */

/* Begin PBXFileReference section */
		9409DC9B19A95F0200F9842B /* TileDiscardPolicy.swift */ = {isa = PBXFileReference; fileEncoding = 4; lastKnownFileType = sourcecode.swift; path = TileDiscardPolicy.swift; sourceTree = "<group>"; };
		9409DC9D19A962A200F9842B /* Image.swift */ = {isa = PBXFileReference; fileEncoding = 4; lastKnownFileType = sourcecode.swift; path = Image.swift; sourceTree = "<group>"; };
		940AE97E197B735200A33FF4 /* PixelFormat.swift */ = {isa = PBXFileReference; fileEncoding = 4; lastKnownFileType = sourcecode.swift; path = PixelFormat.swift; sourceTree = "<group>"; };
		940AE980197B75CE00A33FF4 /* PixelDatatype.swift */ = {isa = PBXFileReference; fileEncoding = 4; lastKnownFileType = sourcecode.swift; path = PixelDatatype.swift; sourceTree = "<group>"; };
		940F3AC2194C5E4400E6E6E3 /* GeographicTilingScheme.swift */ = {isa = PBXFileReference; fileEncoding = 4; lastKnownFileType = sourcecode.swift; path = GeographicTilingScheme.swift; sourceTree = "<group>"; };
		9413F070194AB2E700FEE30C /* EllipsoidTerrainProvider.swift */ = {isa = PBXFileReference; fileEncoding = 4; lastKnownFileType = sourcecode.swift; path = EllipsoidTerrainProvider.swift; sourceTree = "<group>"; };
		9417EC441942C31B00586516 /* Interval.swift */ = {isa = PBXFileReference; fileEncoding = 4; lastKnownFileType = sourcecode.swift; path = Interval.swift; sourceTree = "<group>"; };
		941E2133199ED26A00012DC4 /* GLSupport.swift */ = {isa = PBXFileReference; fileEncoding = 4; lastKnownFileType = sourcecode.swift; path = GLSupport.swift; sourceTree = "<group>"; };
		941E2162199EDC3600012DC4 /* ImageBuffer.swift */ = {isa = PBXFileReference; fileEncoding = 4; lastKnownFileType = sourcecode.swift; path = ImageBuffer.swift; sourceTree = "<group>"; };
		942A83E0193878DE00012DC4 /* CSHeightMapTerrainData.h */ = {isa = PBXFileReference; fileEncoding = 4; lastKnownFileType = sourcecode.c.h; path = CSHeightMapTerrainData.h; sourceTree = "<group>"; };
		942A83E1193878DE00012DC4 /* CSHeightMapTerrainData.m */ = {isa = PBXFileReference; fileEncoding = 4; lastKnownFileType = sourcecode.c.objc; path = CSHeightMapTerrainData.m; sourceTree = "<group>"; };
		942AEB1A1955286F00CD0858 /* ComponentDataType.swift */ = {isa = PBXFileReference; fileEncoding = 4; lastKnownFileType = sourcecode.swift; path = ComponentDataType.swift; sourceTree = "<group>"; };
		942CD41719553F9E00012DC4 /* GeometryAttributes.swift */ = {isa = PBXFileReference; fileEncoding = 4; lastKnownFileType = sourcecode.swift; path = GeometryAttributes.swift; sourceTree = "<group>"; };
		942CEED2199E063E00012DC4 /* SkyBox.swift */ = {isa = PBXFileReference; fileEncoding = 4; lastKnownFileType = sourcecode.swift; path = SkyBox.swift; sourceTree = "<group>"; };
		942D02EB194DBC1E00012DC4 /* DrawCommand.swift */ = {isa = PBXFileReference; fileEncoding = 4; lastKnownFileType = sourcecode.swift; path = DrawCommand.swift; sourceTree = "<group>"; };
		942D02ED194DBD0800012DC4 /* PrimitiveType.swift */ = {isa = PBXFileReference; fileEncoding = 4; lastKnownFileType = sourcecode.swift; path = PrimitiveType.swift; sourceTree = "<group>"; };
		942D02EF194DBDDF00012DC4 /* VertexArray.swift */ = {isa = PBXFileReference; fileEncoding = 4; lastKnownFileType = sourcecode.swift; path = VertexArray.swift; sourceTree = "<group>"; };
		94327176195468EA0011D8FC /* Transforms.swift */ = {isa = PBXFileReference; fileEncoding = 4; lastKnownFileType = sourcecode.swift; path = Transforms.swift; sourceTree = "<group>"; };
		943744F51945D09F0017FE14 /* Cartographic.swift */ = {isa = PBXFileReference; fileEncoding = 4; lastKnownFileType = sourcecode.swift; path = Cartographic.swift; sourceTree = "<group>"; };
		943744F71945D5320017FE14 /* Ellipsoid.swift */ = {isa = PBXFileReference; fileEncoding = 4; lastKnownFileType = sourcecode.swift; path = Ellipsoid.swift; sourceTree = "<group>"; };
		943999121930418C00012DC4 /* CSEllipsoidGeometry.h */ = {isa = PBXFileReference; fileEncoding = 4; lastKnownFileType = sourcecode.c.h; path = CSEllipsoidGeometry.h; sourceTree = "<group>"; };
		9439991B1930418C00012DC4 /* CSEllipsoidGeometry.m */ = {isa = PBXFileReference; fileEncoding = 4; lastKnownFileType = sourcecode.c.objc; path = CSEllipsoidGeometry.m; sourceTree = "<group>"; };
		943D25B01947128A00263D91 /* Rectangle.swift */ = {isa = PBXFileReference; fileEncoding = 4; lastKnownFileType = sourcecode.swift; path = Rectangle.swift; sourceTree = "<group>"; };
		9444499D1948326C009D1703 /* Projection.swift */ = {isa = PBXFileReference; fileEncoding = 4; lastKnownFileType = sourcecode.swift; path = Projection.swift; sourceTree = "<group>"; };
		9444499F1948331C009D1703 /* GeographicProjection.swift */ = {isa = PBXFileReference; fileEncoding = 4; lastKnownFileType = sourcecode.swift; path = GeographicProjection.swift; sourceTree = "<group>"; };
		94515099193ADB8500012DC4 /* CSHeightMapStructure.h */ = {isa = PBXFileReference; fileEncoding = 4; lastKnownFileType = sourcecode.c.h; path = CSHeightMapStructure.h; sourceTree = "<group>"; };
		9451509A193ADB8600012DC4 /* CSHeightMapStructure.m */ = {isa = PBXFileReference; fileEncoding = 4; lastKnownFileType = sourcecode.c.objc; path = CSHeightMapStructure.m; sourceTree = "<group>"; };
		945150A2193C648700012DC4 /* CSHeightMapTessellator.h */ = {isa = PBXFileReference; fileEncoding = 4; lastKnownFileType = sourcecode.c.h; path = CSHeightMapTessellator.h; sourceTree = "<group>"; };
		945150A3193C648700012DC4 /* CSHeightMapTessellator.m */ = {isa = PBXFileReference; fileEncoding = 4; lastKnownFileType = sourcecode.c.objc; path = CSHeightMapTessellator.m; sourceTree = "<group>"; };
		9454041D199EFDFA00012DC4 /* OpenGLES.framework */ = {isa = PBXFileReference; lastKnownFileType = wrapper.framework; name = OpenGLES.framework; path = System/Library/Frameworks/OpenGLES.framework; sourceTree = SDKROOT; };
		94540420199F03C300012DC4 /* JulianDate.swift */ = {isa = PBXFileReference; fileEncoding = 4; lastKnownFileType = sourcecode.swift; path = JulianDate.swift; sourceTree = "<group>"; };
		94540422199F045600012DC4 /* Event.swift */ = {isa = PBXFileReference; fileEncoding = 4; lastKnownFileType = sourcecode.swift; path = Event.swift; sourceTree = "<group>"; };
		94540424199F05D300012DC4 /* FrustumCommands.swift */ = {isa = PBXFileReference; fileEncoding = 4; lastKnownFileType = sourcecode.swift; path = FrustumCommands.swift; sourceTree = "<group>"; };
		94540426199F478F00012DC4 /* Sampler.swift */ = {isa = PBXFileReference; fileEncoding = 4; lastKnownFileType = sourcecode.swift; path = Sampler.swift; sourceTree = "<group>"; };
		94540428199F4CD900012DC4 /* QuadTreeTile.swift */ = {isa = PBXFileReference; fileEncoding = 4; lastKnownFileType = sourcecode.swift; path = QuadTreeTile.swift; sourceTree = "<group>"; };
		9454042A199F4FD900012DC4 /* QuadTreeTileLoadState.swift */ = {isa = PBXFileReference; fileEncoding = 4; lastKnownFileType = sourcecode.swift; path = QuadTreeTileLoadState.swift; sourceTree = "<group>"; };
		9454042C199F5B4600012DC4 /* GlobeSurfaceTile.swift */ = {isa = PBXFileReference; fileEncoding = 4; lastKnownFileType = sourcecode.swift; path = GlobeSurfaceTile.swift; sourceTree = "<group>"; };
		9454042E199F5C7D00012DC4 /* TileTerrain.swift */ = {isa = PBXFileReference; fileEncoding = 4; lastKnownFileType = sourcecode.swift; path = TileTerrain.swift; sourceTree = "<group>"; };
		94540430199F5D0900012DC4 /* TerrainState.swift */ = {isa = PBXFileReference; fileEncoding = 4; lastKnownFileType = sourcecode.swift; path = TerrainState.swift; sourceTree = "<group>"; };
		94540432199F5F3F00012DC4 /* TileImagery.swift */ = {isa = PBXFileReference; fileEncoding = 4; lastKnownFileType = sourcecode.swift; path = TileImagery.swift; sourceTree = "<group>"; };
		94540434199F62C900012DC4 /* ImageryState.swift */ = {isa = PBXFileReference; fileEncoding = 4; lastKnownFileType = sourcecode.swift; path = ImageryState.swift; sourceTree = "<group>"; };
		94540436199F63A700012DC4 /* Imagery.swift */ = {isa = PBXFileReference; fileEncoding = 4; lastKnownFileType = sourcecode.swift; path = Imagery.swift; sourceTree = "<group>"; };
		94540438199F649000012DC4 /* ImageryLayer.swift */ = {isa = PBXFileReference; fileEncoding = 4; lastKnownFileType = sourcecode.swift; path = ImageryLayer.swift; sourceTree = "<group>"; };
		945D2DBA193D7FA800012DC4 /* CesiumKit-Bridging-Header.h */ = {isa = PBXFileReference; lastKnownFileType = sourcecode.c.h; name = "CesiumKit-Bridging-Header.h"; path = "Core/CesiumKit-Bridging-Header.h"; sourceTree = "<group>"; };
		945D2DBB193D7FA900012DC4 /* EllipsoidalOccluder.swift */ = {isa = PBXFileReference; fileEncoding = 4; lastKnownFileType = sourcecode.swift; path = EllipsoidalOccluder.swift; sourceTree = "<group>"; };
		9460F806194DA5AF00012DC4 /* Visibility.swift */ = {isa = PBXFileReference; fileEncoding = 4; lastKnownFileType = sourcecode.swift; path = Visibility.swift; sourceTree = "<group>"; };
		9460F808194DA7F800012DC4 /* PassState.swift */ = {isa = PBXFileReference; fileEncoding = 4; lastKnownFileType = sourcecode.swift; path = PassState.swift; sourceTree = "<group>"; };
		9460F80A194DA8A400012DC4 /* Framebuffer.swift */ = {isa = PBXFileReference; fileEncoding = 4; lastKnownFileType = sourcecode.swift; path = Framebuffer.swift; sourceTree = "<group>"; };
		9460F80C194DAA6200012DC4 /* Globe.swift */ = {isa = PBXFileReference; fileEncoding = 4; lastKnownFileType = sourcecode.swift; path = Globe.swift; sourceTree = "<group>"; };
		9460F80E194DABF000012DC4 /* ImageryLayerCollection.swift */ = {isa = PBXFileReference; fileEncoding = 4; lastKnownFileType = sourcecode.swift; path = ImageryLayerCollection.swift; sourceTree = "<group>"; };
		9460F812194DAE9300012DC4 /* GlobeSurfaceShaderSet.swift */ = {isa = PBXFileReference; fileEncoding = 4; lastKnownFileType = sourcecode.swift; path = GlobeSurfaceShaderSet.swift; sourceTree = "<group>"; };
		9460F814194DAF7000012DC4 /* TerrainAttributeLocations.swift */ = {isa = PBXFileReference; fileEncoding = 4; lastKnownFileType = sourcecode.swift; path = TerrainAttributeLocations.swift; sourceTree = "<group>"; };
		9460F816194DB0ED00012DC4 /* ShaderProgram.swift */ = {isa = PBXFileReference; fileEncoding = 4; lastKnownFileType = sourcecode.swift; path = ShaderProgram.swift; sourceTree = "<group>"; };
		9460F818194DB80500012DC4 /* RenderState.swift */ = {isa = PBXFileReference; fileEncoding = 4; lastKnownFileType = sourcecode.swift; path = RenderState.swift; sourceTree = "<group>"; };
		9460F81A194DB87400012DC4 /* ClearCommand.swift */ = {isa = PBXFileReference; fileEncoding = 4; lastKnownFileType = sourcecode.swift; path = ClearCommand.swift; sourceTree = "<group>"; };
		9465B0211956F53700355D2C /* ShaderCache.swift */ = {isa = PBXFileReference; fileEncoding = 4; lastKnownFileType = sourcecode.swift; path = ShaderCache.swift; sourceTree = "<group>"; };
		9465B0231956F5A400355D2C /* UniformState.swift */ = {isa = PBXFileReference; fileEncoding = 4; lastKnownFileType = sourcecode.swift; path = UniformState.swift; sourceTree = "<group>"; };
		9465B0251956F5DE00355D2C /* Texture.swift */ = {isa = PBXFileReference; fileEncoding = 4; lastKnownFileType = sourcecode.swift; path = Texture.swift; sourceTree = "<group>"; };
		9465B0271956F61400355D2C /* CubeMap.swift */ = {isa = PBXFileReference; fileEncoding = 4; lastKnownFileType = sourcecode.swift; path = CubeMap.swift; sourceTree = "<group>"; };
		946D25A919592BFD0080379D /* Ray.swift */ = {isa = PBXFileReference; fileEncoding = 4; lastKnownFileType = sourcecode.swift; path = Ray.swift; sourceTree = "<group>"; };
		947540E019483BD5005251CC /* WebMercatorProjection.swift */ = {isa = PBXFileReference; fileEncoding = 4; lastKnownFileType = sourcecode.swift; path = WebMercatorProjection.swift; sourceTree = "<group>"; };
		94786822194A959200B3F462 /* TerrainMesh.swift */ = {isa = PBXFileReference; fileEncoding = 4; lastKnownFileType = sourcecode.swift; path = TerrainMesh.swift; sourceTree = "<group>"; };
		94786824194A95B800B3F462 /* TerrainData.swift */ = {isa = PBXFileReference; fileEncoding = 4; lastKnownFileType = sourcecode.swift; path = TerrainData.swift; sourceTree = "<group>"; };
		947BD5A8199DB1D80042D9BF /* PrimitiveCollection.swift */ = {isa = PBXFileReference; fileEncoding = 4; lastKnownFileType = sourcecode.swift; path = PrimitiveCollection.swift; sourceTree = "<group>"; };
		948B802D194D3BD900012DC4 /* VertexFormat.swift */ = {isa = PBXFileReference; fileEncoding = 4; lastKnownFileType = sourcecode.swift; path = VertexFormat.swift; sourceTree = "<group>"; };
		948B802F194D462F00012DC4 /* Quarternion.swift */ = {isa = PBXFileReference; fileEncoding = 4; lastKnownFileType = sourcecode.swift; path = Quarternion.swift; sourceTree = "<group>"; };
		948D03D81944802300DC0E52 /* BoundingSphere.swift */ = {isa = PBXFileReference; fileEncoding = 4; lastKnownFileType = sourcecode.swift; path = BoundingSphere.swift; sourceTree = "<group>"; };
		948D03DA19449DC900DC0E52 /* Cartesian3.swift */ = {isa = PBXFileReference; fileEncoding = 4; lastKnownFileType = sourcecode.swift; path = Cartesian3.swift; sourceTree = "<group>"; };
		948D03DC19449E9600DC0E52 /* Packable.swift */ = {isa = PBXFileReference; fileEncoding = 4; lastKnownFileType = sourcecode.swift; path = Packable.swift; sourceTree = "<group>"; };
		948D03DE1944EC1B00DC0E52 /* Spherical.swift */ = {isa = PBXFileReference; fileEncoding = 4; lastKnownFileType = sourcecode.swift; path = Spherical.swift; sourceTree = "<group>"; };
		948D03E01944F1E200DC0E52 /* Cartesian4.swift */ = {isa = PBXFileReference; fileEncoding = 4; lastKnownFileType = sourcecode.swift; path = Cartesian4.swift; sourceTree = "<group>"; };
		948D55E8194982AB005A4DD6 /* Math.swift */ = {isa = PBXFileReference; fileEncoding = 4; lastKnownFileType = sourcecode.swift; path = Math.swift; sourceTree = "<group>"; };
		9491BBAF1949D084007C1C4C /* TerrainProvider.swift */ = {isa = PBXFileReference; fileEncoding = 4; lastKnownFileType = sourcecode.swift; path = TerrainProvider.swift; sourceTree = "<group>"; };
		9491BBB11949D156007C1C4C /* Credit.swift */ = {isa = PBXFileReference; fileEncoding = 4; lastKnownFileType = sourcecode.swift; path = Credit.swift; sourceTree = "<group>"; };
		9491BBB51949D63A007C1C4C /* TilingScheme.swift */ = {isa = PBXFileReference; fileEncoding = 4; lastKnownFileType = sourcecode.swift; path = TilingScheme.swift; sourceTree = "<group>"; };
		949AABAC199F730700037973 /* QuadTreePrimitive.swift */ = {isa = PBXFileReference; fileEncoding = 4; lastKnownFileType = sourcecode.swift; path = QuadTreePrimitive.swift; sourceTree = "<group>"; };
		949AABAE199F73C600037973 /* GlobeSurfaceTileProvider.swift */ = {isa = PBXFileReference; fileEncoding = 4; lastKnownFileType = sourcecode.swift; path = GlobeSurfaceTileProvider.swift; sourceTree = "<group>"; };
		949ABA8019410120009B1183 /* Intersect.swift */ = {isa = PBXFileReference; fileEncoding = 4; lastKnownFileType = sourcecode.swift; path = Intersect.swift; sourceTree = "<group>"; };
		94A25E64196E711000012DC4 /* WindingOrder.swift */ = {isa = PBXFileReference; fileEncoding = 4; lastKnownFileType = sourcecode.swift; path = WindingOrder.swift; sourceTree = "<group>"; };
		94B87DBE194D620E00012DC4 /* Matrix.swift */ = {isa = PBXFileReference; fileEncoding = 4; lastKnownFileType = sourcecode.swift; path = Matrix.swift; sourceTree = "<group>"; };
		94B87DC0194D678D00012DC4 /* Scene.swift */ = {isa = PBXFileReference; fileEncoding = 4; lastKnownFileType = sourcecode.swift; path = Scene.swift; sourceTree = "<group>"; };
		94B87DC4194D699400012DC4 /* Context.swift */ = {isa = PBXFileReference; fileEncoding = 4; lastKnownFileType = sourcecode.swift; path = Context.swift; sourceTree = "<group>"; };
		94B87DC6194D6ADF00012DC4 /* FrameState.swift */ = {isa = PBXFileReference; fileEncoding = 4; lastKnownFileType = sourcecode.swift; path = FrameState.swift; sourceTree = "<group>"; };
		94B87DC8194D6B0A00012DC4 /* SceneMode.swift */ = {isa = PBXFileReference; fileEncoding = 4; lastKnownFileType = sourcecode.swift; path = SceneMode.swift; sourceTree = "<group>"; };
		94B87DCA194D6F5000012DC4 /* Camera.swift */ = {isa = PBXFileReference; fileEncoding = 4; lastKnownFileType = sourcecode.swift; path = Camera.swift; sourceTree = "<group>"; };
		94B87DCC194D706800012DC4 /* CullingVolume.swift */ = {isa = PBXFileReference; fileEncoding = 4; lastKnownFileType = sourcecode.swift; path = CullingVolume.swift; sourceTree = "<group>"; };
		94B87DCE194D71A200012DC4 /* Intersectable.swift */ = {isa = PBXFileReference; fileEncoding = 4; lastKnownFileType = sourcecode.swift; path = Intersectable.swift; sourceTree = "<group>"; };
		94B87DD0194D75A100012DC4 /* Occluder.swift */ = {isa = PBXFileReference; fileEncoding = 4; lastKnownFileType = sourcecode.swift; path = Occluder.swift; sourceTree = "<group>"; };
		94BA59EE19A695B90049322D /* Frustum.swift */ = {isa = PBXFileReference; fileEncoding = 4; lastKnownFileType = sourcecode.swift; path = Frustum.swift; sourceTree = "<group>"; };
		94BA59F019A695DD0049322D /* OrthographicFrustum.swift */ = {isa = PBXFileReference; fileEncoding = 4; lastKnownFileType = sourcecode.swift; path = OrthographicFrustum.swift; sourceTree = "<group>"; };
		94BA59F219A6DA640049322D /* PerspectiveFrustum.swift */ = {isa = PBXFileReference; fileEncoding = 4; lastKnownFileType = sourcecode.swift; path = PerspectiveFrustum.swift; sourceTree = "<group>"; };
		94BC4354194816B8007117F2 /* BoundingRectangle.swift */ = {isa = PBXFileReference; fileEncoding = 4; lastKnownFileType = sourcecode.swift; path = BoundingRectangle.swift; sourceTree = "<group>"; };
		94BC43561948189A007117F2 /* Cartesian2.swift */ = {isa = PBXFileReference; fileEncoding = 4; lastKnownFileType = sourcecode.swift; path = Cartesian2.swift; sourceTree = "<group>"; };
		94C57E1319722AB90046791A /* Matrix4.swift */ = {isa = PBXFileReference; fileEncoding = 4; lastKnownFileType = sourcecode.swift; path = Matrix4.swift; sourceTree = "<group>"; };
		94CD3FAA199B5A1A00012DC4 /* CubeMapFace.swift */ = {isa = PBXFileReference; fileEncoding = 4; lastKnownFileType = sourcecode.swift; path = CubeMapFace.swift; sourceTree = "<group>"; };
		94CD3FAC199B6BF000012DC4 /* ImageryProvider.swift */ = {isa = PBXFileReference; fileEncoding = 4; lastKnownFileType = sourcecode.swift; path = ImageryProvider.swift; sourceTree = "<group>"; };
		94CD3FAE199B6F8A00012DC4 /* Clock.swift */ = {isa = PBXFileReference; fileEncoding = 4; lastKnownFileType = sourcecode.swift; path = Clock.swift; sourceTree = "<group>"; };
		94DC79221918425300012DC4 /* CesiumKit.dylib */ = {isa = PBXFileReference; explicitFileType = archive.ar; includeInIndex = 0; path = CesiumKit.dylib; sourceTree = BUILT_PRODUCTS_DIR; };
		94DC79251918425300012DC4 /* Foundation.framework */ = {isa = PBXFileReference; lastKnownFileType = wrapper.framework; name = Foundation.framework; path = System/Library/Frameworks/Foundation.framework; sourceTree = SDKROOT; };
		94DC79291918425300012DC4 /* CesiumKit-Prefix.pch */ = {isa = PBXFileReference; lastKnownFileType = sourcecode.c.h; path = "CesiumKit-Prefix.pch"; sourceTree = "<group>"; };
		94DC79321918425300012DC4 /* CesiumKitTests.xctest */ = {isa = PBXFileReference; explicitFileType = wrapper.cfbundle; includeInIndex = 0; path = CesiumKitTests.xctest; sourceTree = BUILT_PRODUCTS_DIR; };
		94DC79331918425300012DC4 /* XCTest.framework */ = {isa = PBXFileReference; lastKnownFileType = wrapper.framework; name = XCTest.framework; path = Library/Frameworks/XCTest.framework; sourceTree = DEVELOPER_DIR; };
		94DC79361918425300012DC4 /* UIKit.framework */ = {isa = PBXFileReference; lastKnownFileType = wrapper.framework; name = UIKit.framework; path = Library/Frameworks/UIKit.framework; sourceTree = DEVELOPER_DIR; };
		94DC793D1918425300012DC4 /* CesiumKitTests-Info.plist */ = {isa = PBXFileReference; lastKnownFileType = text.plist.xml; path = "CesiumKitTests-Info.plist"; sourceTree = "<group>"; };
		94DC793F1918425300012DC4 /* en */ = {isa = PBXFileReference; lastKnownFileType = text.plist.strings; name = en; path = en.lproj/InfoPlist.strings; sourceTree = "<group>"; };
		94DC79411918425300012DC4 /* CesiumKitTests.m */ = {isa = PBXFileReference; lastKnownFileType = sourcecode.c.objc; path = CesiumKitTests.m; sourceTree = "<group>"; };
		94DF8300199A0A9100FB093D /* CesiumKit.swift */ = {isa = PBXFileReference; fileEncoding = 4; lastKnownFileType = sourcecode.swift; path = CesiumKit.swift; sourceTree = "<group>"; };
		94E4CB2B1950581300F7E37D /* Pass.swift */ = {isa = PBXFileReference; fileEncoding = 4; lastKnownFileType = sourcecode.swift; path = Pass.swift; sourceTree = "<group>"; };
		94E61B3B194ACC2000415870 /* WebMercatorTilingScheme.swift */ = {isa = PBXFileReference; fileEncoding = 4; lastKnownFileType = sourcecode.swift; path = WebMercatorTilingScheme.swift; sourceTree = "<group>"; };
		94E7A860199DD48000012DC4 /* ScreenSpaceCameraController.swift */ = {isa = PBXFileReference; fileEncoding = 4; lastKnownFileType = sourcecode.swift; path = ScreenSpaceCameraController.swift; sourceTree = "<group>"; };
		94E7A862199DD71600012DC4 /* ScreenSpaceEventHandler.swift */ = {isa = PBXFileReference; fileEncoding = 4; lastKnownFileType = sourcecode.swift; path = ScreenSpaceEventHandler.swift; sourceTree = "<group>"; };
		94E7A864199E02AB00012DC4 /* BingMapsImageryProvider.swift */ = {isa = PBXFileReference; fileEncoding = 4; lastKnownFileType = sourcecode.swift; path = BingMapsImageryProvider.swift; sourceTree = "<group>"; };
		94E8511519A81461006B7780 /* PerspectiveOffCenterFrustum.swift */ = {isa = PBXFileReference; fileEncoding = 4; lastKnownFileType = sourcecode.swift; path = PerspectiveOffCenterFrustum.swift; sourceTree = "<group>"; };
		94E9BA1A19550A9600012DC4 /* Geometry.swift */ = {isa = PBXFileReference; fileEncoding = 4; lastKnownFileType = sourcecode.swift; path = Geometry.swift; sourceTree = "<group>"; };
		94E9BA1C19550B5E00012DC4 /* GeometryAttribute.swift */ = {isa = PBXFileReference; fileEncoding = 4; lastKnownFileType = sourcecode.swift; path = GeometryAttribute.swift; sourceTree = "<group>"; };
/* End PBXFileReference section */

/* Begin PBXFrameworksBuildPhase section */
		94DC791F1918425300012DC4 /* Frameworks */ = {
			isa = PBXFrameworksBuildPhase;
			buildActionMask = 2147483647;
			files = (
				9454041E199EFDFA00012DC4 /* OpenGLES.framework in Frameworks */,
				94DC79261918425300012DC4 /* Foundation.framework in Frameworks */,
			);
			runOnlyForDeploymentPostprocessing = 0;
		};
		94DC792F1918425300012DC4 /* Frameworks */ = {
			isa = PBXFrameworksBuildPhase;
			buildActionMask = 2147483647;
			files = (
				94DC79341918425300012DC4 /* XCTest.framework in Frameworks */,
				94DC79371918425300012DC4 /* UIKit.framework in Frameworks */,
				94DC793A1918425300012DC4 /* CesiumKit.dylib in Frameworks */,
				94DC79351918425300012DC4 /* Foundation.framework in Frameworks */,
			);
			runOnlyForDeploymentPostprocessing = 0;
		};
/* End PBXFrameworksBuildPhase section */

/* Begin PBXGroup section */
		943999031930418C00012DC4 /* Core */ = {
			isa = PBXGroup;
			children = (
				94BC4354194816B8007117F2 /* BoundingRectangle.swift */,
				948D03D81944802300DC0E52 /* BoundingSphere.swift */,
				94BC43561948189A007117F2 /* Cartesian2.swift */,
				948D03DA19449DC900DC0E52 /* Cartesian3.swift */,
				948D03E01944F1E200DC0E52 /* Cartesian4.swift */,
				943744F51945D09F0017FE14 /* Cartographic.swift */,
				94CD3FAE199B6F8A00012DC4 /* Clock.swift */,
				942AEB1A1955286F00CD0858 /* ComponentDataType.swift */,
				9491BBB11949D156007C1C4C /* Credit.swift */,
				943999121930418C00012DC4 /* CSEllipsoidGeometry.h */,
				9439991B1930418C00012DC4 /* CSEllipsoidGeometry.m */,
				94515099193ADB8500012DC4 /* CSHeightMapStructure.h */,
				9451509A193ADB8600012DC4 /* CSHeightMapStructure.m */,
				942A83E0193878DE00012DC4 /* CSHeightMapTerrainData.h */,
				942A83E1193878DE00012DC4 /* CSHeightMapTerrainData.m */,
				945150A2193C648700012DC4 /* CSHeightMapTessellator.h */,
				945150A3193C648700012DC4 /* CSHeightMapTessellator.m */,
				943744F71945D5320017FE14 /* Ellipsoid.swift */,
				945D2DBB193D7FA900012DC4 /* EllipsoidalOccluder.swift */,
				9413F070194AB2E700FEE30C /* EllipsoidTerrainProvider.swift */,
				94540422199F045600012DC4 /* Event.swift */,
				9444499F1948331C009D1703 /* GeographicProjection.swift */,
				940F3AC2194C5E4400E6E6E3 /* GeographicTilingScheme.swift */,
				94E9BA1A19550A9600012DC4 /* Geometry.swift */,
				94E9BA1C19550B5E00012DC4 /* GeometryAttribute.swift */,
				942CD41719553F9E00012DC4 /* GeometryAttributes.swift */,
				9409DC9D19A962A200F9842B /* Image.swift */,
				949ABA8019410120009B1183 /* Intersect.swift */,
				94B87DCE194D71A200012DC4 /* Intersectable.swift */,
				9417EC441942C31B00586516 /* Interval.swift */,
				94540420199F03C300012DC4 /* JulianDate.swift */,
				948D55E8194982AB005A4DD6 /* Math.swift */,
				94B87DBE194D620E00012DC4 /* Matrix.swift */,
				94C57E1319722AB90046791A /* Matrix4.swift */,
				94B87DD0194D75A100012DC4 /* Occluder.swift */,
				948D03DC19449E9600DC0E52 /* Packable.swift */,
				940AE97E197B735200A33FF4 /* PixelFormat.swift */,
				942D02ED194DBD0800012DC4 /* PrimitiveType.swift */,
				9444499D1948326C009D1703 /* Projection.swift */,
				948B802F194D462F00012DC4 /* Quarternion.swift */,
				946D25A919592BFD0080379D /* Ray.swift */,
				943D25B01947128A00263D91 /* Rectangle.swift */,
				94E7A862199DD71600012DC4 /* ScreenSpaceEventHandler.swift */,
				948D03DE1944EC1B00DC0E52 /* Spherical.swift */,
				94786824194A95B800B3F462 /* TerrainData.swift */,
				94786822194A959200B3F462 /* TerrainMesh.swift */,
				9491BBAF1949D084007C1C4C /* TerrainProvider.swift */,
				9491BBB51949D63A007C1C4C /* TilingScheme.swift */,
				94327176195468EA0011D8FC /* Transforms.swift */,
				948B802D194D3BD900012DC4 /* VertexFormat.swift */,
				9460F806194DA5AF00012DC4 /* Visibility.swift */,
				947540E019483BD5005251CC /* WebMercatorProjection.swift */,
				94E61B3B194ACC2000415870 /* WebMercatorTilingScheme.swift */,
				94A25E64196E711000012DC4 /* WindingOrder.swift */,
			);
			path = Core;
			sourceTree = "<group>";
		};
		9439992A1930418C00012DC4 /* DynamicScene */ = {
			isa = PBXGroup;
			children = (
			);
			path = DynamicScene;
			sourceTree = "<group>";
		};
		9439992B1930418C00012DC4 /* Renderer */ = {
			isa = PBXGroup;
			children = (
				9460F81A194DB87400012DC4 /* ClearCommand.swift */,
				94B87DC4194D699400012DC4 /* Context.swift */,
				9465B0271956F61400355D2C /* CubeMap.swift */,
				94CD3FAA199B5A1A00012DC4 /* CubeMapFace.swift */,
				942D02EB194DBC1E00012DC4 /* DrawCommand.swift */,
				9460F80A194DA8A400012DC4 /* Framebuffer.swift */,
				941E2133199ED26A00012DC4 /* GLSupport.swift */,
				941E2162199EDC3600012DC4 /* ImageBuffer.swift */,
				9460F808194DA7F800012DC4 /* PassState.swift */,
				940AE980197B75CE00A33FF4 /* PixelDatatype.swift */,
				9460F818194DB80500012DC4 /* RenderState.swift */,
				9465B0211956F53700355D2C /* ShaderCache.swift */,
				9460F816194DB0ED00012DC4 /* ShaderProgram.swift */,
				9465B0251956F5DE00355D2C /* Texture.swift */,
				9465B0231956F5A400355D2C /* UniformState.swift */,
				942D02EF194DBDDF00012DC4 /* VertexArray.swift */,
				94540426199F478F00012DC4 /* Sampler.swift */,
			);
			path = Renderer;
			sourceTree = "<group>";
		};
		943999381930418C00012DC4 /* Scene */ = {
			isa = PBXGroup;
			children = (
				94E7A864199E02AB00012DC4 /* BingMapsImageryProvider.swift */,
				94B87DCA194D6F5000012DC4 /* Camera.swift */,
				94B87DCC194D706800012DC4 /* CullingVolume.swift */,
				94B87DC6194D6ADF00012DC4 /* FrameState.swift */,
				94BA59EE19A695B90049322D /* Frustum.swift */,
				94540424199F05D300012DC4 /* FrustumCommands.swift */,
				9460F80C194DAA6200012DC4 /* Globe.swift */,
				9460F812194DAE9300012DC4 /* GlobeSurfaceShaderSet.swift */,
				9454042C199F5B4600012DC4 /* GlobeSurfaceTile.swift */,
				949AABAE199F73C600037973 /* GlobeSurfaceTileProvider.swift */,
				94540436199F63A700012DC4 /* Imagery.swift */,
				94540438199F649000012DC4 /* ImageryLayer.swift */,
				9460F80E194DABF000012DC4 /* ImageryLayerCollection.swift */,
				94CD3FAC199B6BF000012DC4 /* ImageryProvider.swift */,
				94540434199F62C900012DC4 /* ImageryState.swift */,
				94BA59F019A695DD0049322D /* OrthographicFrustum.swift */,
				94E4CB2B1950581300F7E37D /* Pass.swift */,
				94BA59F219A6DA640049322D /* PerspectiveFrustum.swift */,
				94E8511519A81461006B7780 /* PerspectiveOffCenterFrustum.swift */,
				947BD5A8199DB1D80042D9BF /* PrimitiveCollection.swift */,
				949AABAC199F730700037973 /* QuadTreePrimitive.swift */,
				94540428199F4CD900012DC4 /* QuadTreeTile.swift */,
				9454042A199F4FD900012DC4 /* QuadTreeTileLoadState.swift */,
				94B87DC0194D678D00012DC4 /* Scene.swift */,
				94B87DC8194D6B0A00012DC4 /* SceneMode.swift */,
				94E7A860199DD48000012DC4 /* ScreenSpaceCameraController.swift */,
				942CEED2199E063E00012DC4 /* SkyBox.swift */,
				9460F814194DAF7000012DC4 /* TerrainAttributeLocations.swift */,
				94540430199F5D0900012DC4 /* TerrainState.swift */,
				94540432199F5F3F00012DC4 /* TileImagery.swift */,
				9454042E199F5C7D00012DC4 /* TileTerrain.swift */,
				9409DC9B19A95F0200F9842B /* TileDiscardPolicy.swift */,
			);
			path = Scene;
			sourceTree = "<group>";
		};
		943999451930418C00012DC4 /* Shaders */ = {
			isa = PBXGroup;
			children = (
			);
			path = Shaders;
			sourceTree = "<group>";
		};
		94DC79191918425300012DC4 = {
			isa = PBXGroup;
			children = (
				94DC79271918425300012DC4 /* CesiumKit */,
				94DC793B1918425300012DC4 /* CesiumKitTests */,
				94DC79241918425300012DC4 /* Frameworks */,
				94DC79231918425300012DC4 /* Products */,
			);
			sourceTree = "<group>";
		};
		94DC79231918425300012DC4 /* Products */ = {
			isa = PBXGroup;
			children = (
				94DC79221918425300012DC4 /* CesiumKit.dylib */,
				94DC79321918425300012DC4 /* CesiumKitTests.xctest */,
			);
			name = Products;
			sourceTree = "<group>";
		};
		94DC79241918425300012DC4 /* Frameworks */ = {
			isa = PBXGroup;
			children = (
				9454041D199EFDFA00012DC4 /* OpenGLES.framework */,
				94DC79251918425300012DC4 /* Foundation.framework */,
				94DC79331918425300012DC4 /* XCTest.framework */,
				94DC79361918425300012DC4 /* UIKit.framework */,
			);
			name = Frameworks;
			sourceTree = "<group>";
		};
		94DC79271918425300012DC4 /* CesiumKit */ = {
			isa = PBXGroup;
			children = (
				94DF8300199A0A9100FB093D /* CesiumKit.swift */,
				945D2DBA193D7FA800012DC4 /* CesiumKit-Bridging-Header.h */,
				943999031930418C00012DC4 /* Core */,
				9439992A1930418C00012DC4 /* DynamicScene */,
				9439992B1930418C00012DC4 /* Renderer */,
				943999381930418C00012DC4 /* Scene */,
				943999451930418C00012DC4 /* Shaders */,
				94DC79281918425300012DC4 /* Supporting Files */,
			);
			path = CesiumKit;
			sourceTree = "<group>";
		};
		94DC79281918425300012DC4 /* Supporting Files */ = {
			isa = PBXGroup;
			children = (
				94DC79291918425300012DC4 /* CesiumKit-Prefix.pch */,
			);
			name = "Supporting Files";
			sourceTree = "<group>";
		};
		94DC793B1918425300012DC4 /* CesiumKitTests */ = {
			isa = PBXGroup;
			children = (
				94DC79411918425300012DC4 /* CesiumKitTests.m */,
				94DC793C1918425300012DC4 /* Supporting Files */,
			);
			path = CesiumKitTests;
			sourceTree = "<group>";
		};
		94DC793C1918425300012DC4 /* Supporting Files */ = {
			isa = PBXGroup;
			children = (
				94DC793D1918425300012DC4 /* CesiumKitTests-Info.plist */,
				94DC793E1918425300012DC4 /* InfoPlist.strings */,
			);
			name = "Supporting Files";
			sourceTree = "<group>";
		};
/* End PBXGroup section */

/* Begin PBXHeadersBuildPhase section */
		947BD5A6199DAF0F0042D9BF /* Headers */ = {
			isa = PBXHeadersBuildPhase;
			buildActionMask = 2147483647;
			files = (
				9454041F199EFE7E00012DC4 /* CesiumKit.swift in Headers */,
			);
			runOnlyForDeploymentPostprocessing = 0;
		};
/* End PBXHeadersBuildPhase section */

/* Begin PBXNativeTarget section */
		94DC79211918425300012DC4 /* CesiumKit */ = {
			isa = PBXNativeTarget;
			buildConfigurationList = 94DC79451918425300012DC4 /* Build configuration list for PBXNativeTarget "CesiumKit" */;
			buildPhases = (
				94DC791E1918425300012DC4 /* Sources */,
				94DC791F1918425300012DC4 /* Frameworks */,
				94DC79201918425300012DC4 /* CopyFiles */,
				947BD5A6199DAF0F0042D9BF /* Headers */,
			);
			buildRules = (
			);
			dependencies = (
			);
			name = CesiumKit;
			productName = CesiumKit;
			productReference = 94DC79221918425300012DC4 /* CesiumKit.dylib */;
			productType = "com.apple.product-type.library.static";
		};
		94DC79311918425300012DC4 /* CesiumKitTests */ = {
			isa = PBXNativeTarget;
			buildConfigurationList = 94DC79481918425300012DC4 /* Build configuration list for PBXNativeTarget "CesiumKitTests" */;
			buildPhases = (
				94DC792E1918425300012DC4 /* Sources */,
				94DC792F1918425300012DC4 /* Frameworks */,
				94DC79301918425300012DC4 /* Resources */,
			);
			buildRules = (
			);
			dependencies = (
				94DC79391918425300012DC4 /* PBXTargetDependency */,
			);
			name = CesiumKitTests;
			productName = CesiumKitTests;
			productReference = 94DC79321918425300012DC4 /* CesiumKitTests.xctest */;
			productType = "com.apple.product-type.bundle.unit-test";
		};
/* End PBXNativeTarget section */

/* Begin PBXProject section */
		94DC791A1918425300012DC4 /* Project object */ = {
			isa = PBXProject;
			attributes = {
				LastUpgradeCheck = 0600;
				ORGANIZATIONNAME = "Test Toast";
			};
			buildConfigurationList = 94DC791D1918425300012DC4 /* Build configuration list for PBXProject "CesiumKit" */;
			compatibilityVersion = "Xcode 3.2";
			developmentRegion = English;
			hasScannedForEncodings = 0;
			knownRegions = (
				en,
			);
			mainGroup = 94DC79191918425300012DC4;
			productRefGroup = 94DC79231918425300012DC4 /* Products */;
			projectDirPath = "";
			projectRoot = "";
			targets = (
				94DC79211918425300012DC4 /* CesiumKit */,
				94DC79311918425300012DC4 /* CesiumKitTests */,
			);
		};
/* End PBXProject section */

/* Begin PBXResourcesBuildPhase section */
		94DC79301918425300012DC4 /* Resources */ = {
			isa = PBXResourcesBuildPhase;
			buildActionMask = 2147483647;
			files = (
				94DC79401918425300012DC4 /* InfoPlist.strings in Resources */,
			);
			runOnlyForDeploymentPostprocessing = 0;
		};
/* End PBXResourcesBuildPhase section */

/* Begin PBXSourcesBuildPhase section */
		94DC791E1918425300012DC4 /* Sources */ = {
			isa = PBXSourcesBuildPhase;
			buildActionMask = 2147483647;
			files = (
				94BC43571948189A007117F2 /* Cartesian2.swift in Sources */,
				9465B0221956F53700355D2C /* ShaderCache.swift in Sources */,
				94540429199F4CD900012DC4 /* QuadTreeTile.swift in Sources */,
				94CD3FAF199B6F8A00012DC4 /* Clock.swift in Sources */,
				949AABAD199F730700037973 /* QuadTreePrimitive.swift in Sources */,
				9413F071194AB2E700FEE30C /* EllipsoidTerrainProvider.swift in Sources */,
				942D02EC194DBC1E00012DC4 /* DrawCommand.swift in Sources */,
				942AEB1B1955286F00CD0858 /* ComponentDataType.swift in Sources */,
				94B87DC7194D6ADF00012DC4 /* FrameState.swift in Sources */,
				94E9BA1B19550A9600012DC4 /* Geometry.swift in Sources */,
				942D02F0194DBDDF00012DC4 /* VertexArray.swift in Sources */,
				94CD3FAB199B5A1B00012DC4 /* CubeMapFace.swift in Sources */,
				94C57E1419722AB90046791A /* Matrix4.swift in Sources */,
				94B87DCF194D71A200012DC4 /* Intersectable.swift in Sources */,
				947540E119483BD5005251CC /* WebMercatorProjection.swift in Sources */,
				948B802E194D3BD900012DC4 /* VertexFormat.swift in Sources */,
				940AE981197B75CE00A33FF4 /* PixelDatatype.swift in Sources */,
				945150A4193C648700012DC4 /* CSHeightMapTessellator.m in Sources */,
				94540425199F05D300012DC4 /* FrustumCommands.swift in Sources */,
				948D03E11944F1E200DC0E52 /* Cartesian4.swift in Sources */,
				9460F81B194DB87400012DC4 /* ClearCommand.swift in Sources */,
				94DF8301199A0A9100FB093D /* CesiumKit.swift in Sources */,
				94B87DCB194D6F5000012DC4 /* Camera.swift in Sources */,
				949ABA8119410120009B1183 /* Intersect.swift in Sources */,
				9451509B193ADB8600012DC4 /* CSHeightMapStructure.m in Sources */,
				94540421199F03C300012DC4 /* JulianDate.swift in Sources */,
				94B87DBF194D620E00012DC4 /* Matrix.swift in Sources */,
				94540437199F63A700012DC4 /* Imagery.swift in Sources */,
				948D03DB19449DC900DC0E52 /* Cartesian3.swift in Sources */,
				94E61B3C194ACC2000415870 /* WebMercatorTilingScheme.swift in Sources */,
				942CEED3199E063E00012DC4 /* SkyBox.swift in Sources */,
				9491BBB01949D084007C1C4C /* TerrainProvider.swift in Sources */,
				9465B0261956F5DE00355D2C /* Texture.swift in Sources */,
				94540439199F649000012DC4 /* ImageryLayer.swift in Sources */,
				94540423199F045600012DC4 /* Event.swift in Sources */,
				94B87DCD194D706800012DC4 /* CullingVolume.swift in Sources */,
				94E7A863199DD71600012DC4 /* ScreenSpaceEventHandler.swift in Sources */,
				94A25E65196E711000012DC4 /* WindingOrder.swift in Sources */,
				940AE97F197B735200A33FF4 /* PixelFormat.swift in Sources */,
				943744F61945D09F0017FE14 /* Cartographic.swift in Sources */,
				946D25AA19592BFD0080379D /* Ray.swift in Sources */,
				9460F80F194DABF000012DC4 /* ImageryLayerCollection.swift in Sources */,
				9460F809194DA7F800012DC4 /* PassState.swift in Sources */,
				94B87DD1194D75A100012DC4 /* Occluder.swift in Sources */,
				941E2163199EDC3600012DC4 /* ImageBuffer.swift in Sources */,
				94540433199F5F3F00012DC4 /* TileImagery.swift in Sources */,
				944449A01948331C009D1703 /* GeographicProjection.swift in Sources */,
				94B87DC9194D6B0A00012DC4 /* SceneMode.swift in Sources */,
				94BC4355194816B8007117F2 /* BoundingRectangle.swift in Sources */,
				947BD5A9199DB1D80042D9BF /* PrimitiveCollection.swift in Sources */,
				942D02EE194DBD0800012DC4 /* PrimitiveType.swift in Sources */,
				941E2134199ED26A00012DC4 /* GLSupport.swift in Sources */,
				94540431199F5D0900012DC4 /* TerrainState.swift in Sources */,
				948B8030194D462F00012DC4 /* Quarternion.swift in Sources */,
				9454042D199F5B4600012DC4 /* GlobeSurfaceTile.swift in Sources */,
				94B87DC5194D699400012DC4 /* Context.swift in Sources */,
				94327177195468EA0011D8FC /* Transforms.swift in Sources */,
				9417EC451942C31B00586516 /* Interval.swift in Sources */,
				9454042B199F4FD900012DC4 /* QuadTreeTileLoadState.swift in Sources */,
				9460F819194DB80500012DC4 /* RenderState.swift in Sources */,
				9454042F199F5C7D00012DC4 /* TileTerrain.swift in Sources */,
				94E7A865199E02AB00012DC4 /* BingMapsImageryProvider.swift in Sources */,
				9465B0241956F5A400355D2C /* UniformState.swift in Sources */,
				9491BBB61949D63A007C1C4C /* TilingScheme.swift in Sources */,
				9460F80D194DAA6200012DC4 /* Globe.swift in Sources */,
				94540435199F62C900012DC4 /* ImageryState.swift in Sources */,
				9465B0281956F61400355D2C /* CubeMap.swift in Sources */,
				94B6C5B41970A07C008792D9 /* Credit.swift in Sources */,
				9460F813194DAE9300012DC4 /* GlobeSurfaceShaderSet.swift in Sources */,
				948D03DF1944EC1B00DC0E52 /* Spherical.swift in Sources */,
				9460F815194DAF7000012DC4 /* TerrainAttributeLocations.swift in Sources */,
				94540427199F478F00012DC4 /* Sampler.swift in Sources */,
				945D2DBC193D7FA900012DC4 /* EllipsoidalOccluder.swift in Sources */,
				9460F817194DB0ED00012DC4 /* ShaderProgram.swift in Sources */,
				948D55E9194982AB005A4DD6 /* Math.swift in Sources */,
				9409DC9E19A962A200F9842B /* Image.swift in Sources */,
				94BA59F319A6DA640049322D /* PerspectiveFrustum.swift in Sources */,
				9460F807194DA5AF00012DC4 /* Visibility.swift in Sources */,
				94BA59F119A695DD0049322D /* OrthographicFrustum.swift in Sources */,
				9460F80B194DA8A400012DC4 /* Framebuffer.swift in Sources */,
				94E4CB2C1950581300F7E37D /* Pass.swift in Sources */,
				943744F81945D5320017FE14 /* Ellipsoid.swift in Sources */,
				94E8511619A81461006B7780 /* PerspectiveOffCenterFrustum.swift in Sources */,
				94786825194A95B800B3F462 /* TerrainData.swift in Sources */,
				94E7A861199DD48000012DC4 /* ScreenSpaceCameraController.swift in Sources */,
				94E9BA1D19550B5E00012DC4 /* GeometryAttribute.swift in Sources */,
				9444499E1948326C009D1703 /* Projection.swift in Sources */,
				94B87DC1194D678D00012DC4 /* Scene.swift in Sources */,
				943999501930418C00012DC4 /* CSEllipsoidGeometry.m in Sources */,
				948D03D91944802300DC0E52 /* BoundingSphere.swift in Sources */,
				942A83E2193878DE00012DC4 /* CSHeightMapTerrainData.m in Sources */,
				940F3AC3194C5E4400E6E6E3 /* GeographicTilingScheme.swift in Sources */,
				949AABAF199F73C600037973 /* GlobeSurfaceTileProvider.swift in Sources */,
				948D03DD19449E9600DC0E52 /* Packable.swift in Sources */,
				94786823194A959200B3F462 /* TerrainMesh.swift in Sources */,
				942CD41819553F9E00012DC4 /* GeometryAttributes.swift in Sources */,
				9409DC9C19A95F0200F9842B /* TileDiscardPolicy.swift in Sources */,
				943D25B11947128A00263D91 /* Rectangle.swift in Sources */,
			);
			runOnlyForDeploymentPostprocessing = 0;
		};
		94DC792E1918425300012DC4 /* Sources */ = {
			isa = PBXSourcesBuildPhase;
			buildActionMask = 2147483647;
			files = (
				94DC79421918425300012DC4 /* CesiumKitTests.m in Sources */,
			);
			runOnlyForDeploymentPostprocessing = 0;
		};
/* End PBXSourcesBuildPhase section */

/* Begin PBXTargetDependency section */
		94DC79391918425300012DC4 /* PBXTargetDependency */ = {
			isa = PBXTargetDependency;
			target = 94DC79211918425300012DC4 /* CesiumKit */;
			targetProxy = 94DC79381918425300012DC4 /* PBXContainerItemProxy */;
		};
/* End PBXTargetDependency section */

/* Begin PBXVariantGroup section */
		94DC793E1918425300012DC4 /* InfoPlist.strings */ = {
			isa = PBXVariantGroup;
			children = (
				94DC793F1918425300012DC4 /* en */,
			);
			name = InfoPlist.strings;
			sourceTree = "<group>";
		};
/* End PBXVariantGroup section */

/* Begin XCBuildConfiguration section */
		94DC79431918425300012DC4 /* Debug */ = {
			isa = XCBuildConfiguration;
			buildSettings = {
				ALWAYS_SEARCH_USER_PATHS = NO;
				CLANG_CXX_LANGUAGE_STANDARD = "gnu++0x";
				CLANG_CXX_LIBRARY = "libc++";
				CLANG_ENABLE_MODULES = YES;
				CLANG_ENABLE_OBJC_ARC = YES;
				CLANG_WARN_BOOL_CONVERSION = YES;
				CLANG_WARN_CONSTANT_CONVERSION = YES;
				CLANG_WARN_DIRECT_OBJC_ISA_USAGE = YES_ERROR;
				CLANG_WARN_EMPTY_BODY = YES;
				CLANG_WARN_ENUM_CONVERSION = YES;
				CLANG_WARN_INT_CONVERSION = YES;
				CLANG_WARN_OBJC_ROOT_CLASS = YES_ERROR;
				CLANG_WARN__DUPLICATE_METHOD_MATCH = YES;
				COPY_PHASE_STRIP = NO;
				GCC_C_LANGUAGE_STANDARD = gnu99;
				GCC_DYNAMIC_NO_PIC = NO;
				GCC_OPTIMIZATION_LEVEL = 0;
				GCC_PREPROCESSOR_DEFINITIONS = (
					"DEBUG=1",
					"$(inherited)",
				);
				GCC_SYMBOLS_PRIVATE_EXTERN = NO;
				GCC_WARN_64_TO_32_BIT_CONVERSION = YES;
				GCC_WARN_ABOUT_RETURN_TYPE = YES_ERROR;
				GCC_WARN_UNDECLARED_SELECTOR = YES;
				GCC_WARN_UNINITIALIZED_AUTOS = YES_AGGRESSIVE;
				GCC_WARN_UNUSED_FUNCTION = YES;
				GCC_WARN_UNUSED_VARIABLE = YES;
				IPHONEOS_DEPLOYMENT_TARGET = 7.1;
				ONLY_ACTIVE_ARCH = YES;
				SDKROOT = iphoneos;
			};
			name = Debug;
		};
		94DC79441918425300012DC4 /* Release */ = {
			isa = XCBuildConfiguration;
			buildSettings = {
				ALWAYS_SEARCH_USER_PATHS = NO;
				CLANG_CXX_LANGUAGE_STANDARD = "gnu++0x";
				CLANG_CXX_LIBRARY = "libc++";
				CLANG_ENABLE_MODULES = YES;
				CLANG_ENABLE_OBJC_ARC = YES;
				CLANG_WARN_BOOL_CONVERSION = YES;
				CLANG_WARN_CONSTANT_CONVERSION = YES;
				CLANG_WARN_DIRECT_OBJC_ISA_USAGE = YES_ERROR;
				CLANG_WARN_EMPTY_BODY = YES;
				CLANG_WARN_ENUM_CONVERSION = YES;
				CLANG_WARN_INT_CONVERSION = YES;
				CLANG_WARN_OBJC_ROOT_CLASS = YES_ERROR;
				CLANG_WARN__DUPLICATE_METHOD_MATCH = YES;
				COPY_PHASE_STRIP = YES;
				ENABLE_NS_ASSERTIONS = NO;
				GCC_C_LANGUAGE_STANDARD = gnu99;
				GCC_WARN_64_TO_32_BIT_CONVERSION = YES;
				GCC_WARN_ABOUT_RETURN_TYPE = YES_ERROR;
				GCC_WARN_UNDECLARED_SELECTOR = YES;
				GCC_WARN_UNINITIALIZED_AUTOS = YES_AGGRESSIVE;
				GCC_WARN_UNUSED_FUNCTION = YES;
				GCC_WARN_UNUSED_VARIABLE = YES;
				IPHONEOS_DEPLOYMENT_TARGET = 7.1;
				SDKROOT = iphoneos;
				VALIDATE_PRODUCT = YES;
			};
			name = Release;
		};
		94DC79461918425300012DC4 /* Debug */ = {
			isa = XCBuildConfiguration;
			buildSettings = {
				CLANG_ENABLE_MODULES = YES;
				DEFINES_MODULE = YES;
				DSTROOT = /tmp/CesiumKit.dst;
				EXECUTABLE_EXTENSION = dylib;
				EXECUTABLE_PREFIX = "";
				GCC_PRECOMPILE_PREFIX_HEADER = YES;
				GCC_PREFIX_HEADER = "CesiumKit/CesiumKit-Prefix.pch";
				IPHONEOS_DEPLOYMENT_TARGET = 8.0;
				LD_RUNPATH_SEARCH_PATHS = "$(inherited) @executable_path/Frameworks @loader_path/Frameworks";
				MACH_O_TYPE = mh_dylib;
				OTHER_LDFLAGS = "-ObjC";
				PRODUCT_NAME = "$(TARGET_NAME)";
				SKIP_INSTALL = YES;
				SWIFT_OBJC_BRIDGING_HEADER = "CesiumKit/Core/CesiumKit-Bridging-Header.h";
				SWIFT_OPTIMIZATION_LEVEL = "-Onone";
			};
			name = Debug;
		};
		94DC79471918425300012DC4 /* Release */ = {
			isa = XCBuildConfiguration;
			buildSettings = {
				CLANG_ENABLE_MODULES = YES;
				DEFINES_MODULE = YES;
				DSTROOT = /tmp/CesiumKit.dst;
				EXECUTABLE_EXTENSION = dylib;
				EXECUTABLE_PREFIX = "";
				GCC_PRECOMPILE_PREFIX_HEADER = YES;
				GCC_PREFIX_HEADER = "CesiumKit/CesiumKit-Prefix.pch";
				IPHONEOS_DEPLOYMENT_TARGET = 8.0;
				LD_RUNPATH_SEARCH_PATHS = "$(inherited) @executable_path/Frameworks @loader_path/Frameworks";
				MACH_O_TYPE = mh_dylib;
				OTHER_LDFLAGS = "-ObjC";
				PRODUCT_NAME = "$(TARGET_NAME)";
				SKIP_INSTALL = YES;
				SWIFT_OBJC_BRIDGING_HEADER = "CesiumKit/Core/CesiumKit-Bridging-Header.h";
			};
			name = Release;
		};
		94DC79491918425300012DC4 /* Debug */ = {
			isa = XCBuildConfiguration;
			buildSettings = {
				FRAMEWORK_SEARCH_PATHS = (
					"$(SDKROOT)/Developer/Library/Frameworks",
					"$(inherited)",
					"$(DEVELOPER_FRAMEWORKS_DIR)",
				);
				GCC_PRECOMPILE_PREFIX_HEADER = YES;
				GCC_PREFIX_HEADER = "CesiumKit/CesiumKit-Prefix.pch";
				GCC_PREPROCESSOR_DEFINITIONS = (
					"DEBUG=1",
					"$(inherited)",
				);
				INFOPLIST_FILE = "CesiumKitTests/CesiumKitTests-Info.plist";
				PRODUCT_NAME = "$(TARGET_NAME)";
				WRAPPER_EXTENSION = xctest;
			};
			name = Debug;
		};
		94DC794A1918425300012DC4 /* Release */ = {
			isa = XCBuildConfiguration;
			buildSettings = {
				FRAMEWORK_SEARCH_PATHS = (
					"$(SDKROOT)/Developer/Library/Frameworks",
					"$(inherited)",
					"$(DEVELOPER_FRAMEWORKS_DIR)",
				);
				GCC_PRECOMPILE_PREFIX_HEADER = YES;
				GCC_PREFIX_HEADER = "CesiumKit/CesiumKit-Prefix.pch";
				INFOPLIST_FILE = "CesiumKitTests/CesiumKitTests-Info.plist";
				PRODUCT_NAME = "$(TARGET_NAME)";
				WRAPPER_EXTENSION = xctest;
			};
			name = Release;
		};
/* End XCBuildConfiguration section */

/* Begin XCConfigurationList section */
		94DC791D1918425300012DC4 /* Build configuration list for PBXProject "CesiumKit" */ = {
			isa = XCConfigurationList;
			buildConfigurations = (
				94DC79431918425300012DC4 /* Debug */,
				94DC79441918425300012DC4 /* Release */,
			);
			defaultConfigurationIsVisible = 0;
			defaultConfigurationName = Release;
		};
		94DC79451918425300012DC4 /* Build configuration list for PBXNativeTarget "CesiumKit" */ = {
			isa = XCConfigurationList;
			buildConfigurations = (
				94DC79461918425300012DC4 /* Debug */,
				94DC79471918425300012DC4 /* Release */,
			);
			defaultConfigurationIsVisible = 0;
			defaultConfigurationName = Release;
		};
		94DC79481918425300012DC4 /* Build configuration list for PBXNativeTarget "CesiumKitTests" */ = {
			isa = XCConfigurationList;
			buildConfigurations = (
				94DC79491918425300012DC4 /* Debug */,
				94DC794A1918425300012DC4 /* Release */,
			);
			defaultConfigurationIsVisible = 0;
			defaultConfigurationName = Release;
		};
/* End XCConfigurationList section */
	};
	rootObject = 94DC791A1918425300012DC4 /* Project object */;
}
