// !$*UTF8*$!
{
	archiveVersion = 1;
	classes = {
	};
	objectVersion = 46;
	objects = {

/* Begin PBXBuildFile section */
		9417EC451942C31B00586516 /* Interval.swift in Sources */ = {isa = PBXBuildFile; fileRef = 9417EC441942C31B00586516 /* Interval.swift */; };
		942A83DC19386F1F00012DC4 /* CSGeographicTilingScheme.m in Sources */ = {isa = PBXBuildFile; fileRef = 942A83DB19386F1F00012DC4 /* CSGeographicTilingScheme.m */; };
		942A83E2193878DE00012DC4 /* CSHeightMapTerrainData.m in Sources */ = {isa = PBXBuildFile; fileRef = 942A83E1193878DE00012DC4 /* CSHeightMapTerrainData.m */; };
		942A83E5193878EE00012DC4 /* CSTerrainData.m in Sources */ = {isa = PBXBuildFile; fileRef = 942A83E4193878EE00012DC4 /* CSTerrainData.m */; };
		943744F61945D09F0017FE14 /* Cartographic.swift in Sources */ = {isa = PBXBuildFile; fileRef = 943744F51945D09F0017FE14 /* Cartographic.swift */; };
		943744F81945D5320017FE14 /* Ellipsoid.swift in Sources */ = {isa = PBXBuildFile; fileRef = 943744F71945D5320017FE14 /* Ellipsoid.swift */; };
		943999491930418C00012DC4 /* CSCartesian2.m in Sources */ = {isa = PBXBuildFile; fileRef = 9439990C1930418C00012DC4 /* CSCartesian2.m */; };
		9439994A1930418C00012DC4 /* CSRectangle.m in Sources */ = {isa = PBXBuildFile; fileRef = 9439990D1930418C00012DC4 /* CSRectangle.m */; };
		9439994B1930418C00012DC4 /* CSProjection.m in Sources */ = {isa = PBXBuildFile; fileRef = 9439990F1930418C00012DC4 /* CSProjection.m */; };
		9439994C1930418C00012DC4 /* CSMatrix4.m in Sources */ = {isa = PBXBuildFile; fileRef = 943999101930418C00012DC4 /* CSMatrix4.m */; };
		9439994D1930418C00012DC4 /* CSBoundingRectangle.m in Sources */ = {isa = PBXBuildFile; fileRef = 943999111930418C00012DC4 /* CSBoundingRectangle.m */; };
		9439994E1930418C00012DC4 /* CSMath.m in Sources */ = {isa = PBXBuildFile; fileRef = 943999131930418C00012DC4 /* CSMath.m */; };
		943999501930418C00012DC4 /* CSEllipsoidGeometry.m in Sources */ = {isa = PBXBuildFile; fileRef = 9439991B1930418C00012DC4 /* CSEllipsoidGeometry.m */; };
		943999511930418C00012DC4 /* CSQuarternion.m in Sources */ = {isa = PBXBuildFile; fileRef = 9439991E1930418C00012DC4 /* CSQuarternion.m */; };
		943999521930418C00012DC4 /* CSGeographicProjection.m in Sources */ = {isa = PBXBuildFile; fileRef = 943999201930418C00012DC4 /* CSGeographicProjection.m */; };
		943999531930418C00012DC4 /* CSVertexFormat.m in Sources */ = {isa = PBXBuildFile; fileRef = 943999211930418C00012DC4 /* CSVertexFormat.m */; };
		943999551930418C00012DC4 /* CSCartesian4.m in Sources */ = {isa = PBXBuildFile; fileRef = 943999231930418C00012DC4 /* CSCartesian4.m */; };
		943999561930418C00012DC4 /* CSWebMercatorProjection.m in Sources */ = {isa = PBXBuildFile; fileRef = 943999251930418C00012DC4 /* CSWebMercatorProjection.m */; };
		943999571930418C00012DC4 /* CSRay.m in Sources */ = {isa = PBXBuildFile; fileRef = 943999281930418C00012DC4 /* CSRay.m */; };
		943999581930418C00012DC4 /* CSRenderState.m in Sources */ = {isa = PBXBuildFile; fileRef = 9439992F1930418C00012DC4 /* CSRenderState.m */; };
		943999591930418C00012DC4 /* CSContext.m in Sources */ = {isa = PBXBuildFile; fileRef = 943999331930418C00012DC4 /* CSContext.m */; };
		9439995B1930418C00012DC4 /* CSDrawCommand.m in Sources */ = {isa = PBXBuildFile; fileRef = 943999351930418C00012DC4 /* CSDrawCommand.m */; };
		9439995C1930418C00012DC4 /* CSUniformState.m in Sources */ = {isa = PBXBuildFile; fileRef = 943999361930418C00012DC4 /* CSUniformState.m */; };
		9439995D1930418C00012DC4 /* CSPassState.m in Sources */ = {isa = PBXBuildFile; fileRef = 943999371930418C00012DC4 /* CSPassState.m */; };
		9439995E1930418C00012DC4 /* CSScene.m in Sources */ = {isa = PBXBuildFile; fileRef = 943999391930418C00012DC4 /* CSScene.m */; };
		9439995F1930418C00012DC4 /* CSPrimitives.m in Sources */ = {isa = PBXBuildFile; fileRef = 9439993B1930418C00012DC4 /* CSPrimitives.m */; };
		943999601930418C00012DC4 /* CSCamera.m in Sources */ = {isa = PBXBuildFile; fileRef = 9439993C1930418C00012DC4 /* CSCamera.m */; };
		943999611930418C00012DC4 /* CSPerspectiveFrustum.m in Sources */ = {isa = PBXBuildFile; fileRef = 9439993E1930418C00012DC4 /* CSPerspectiveFrustum.m */; };
		943999621930418C00012DC4 /* CSFrameState.m in Sources */ = {isa = PBXBuildFile; fileRef = 9439993F1930418C00012DC4 /* CSFrameState.m */; };
		943999631930418C00012DC4 /* CSFrustum.m in Sources */ = {isa = PBXBuildFile; fileRef = 943999421930418C00012DC4 /* CSFrustum.m */; };
		943CCACC193062E200012DC4 /* CSGlobe.m in Sources */ = {isa = PBXBuildFile; fileRef = 943CCACB193062E200012DC4 /* CSGlobe.m */; };
		943D25B11947128A00263D91 /* Rectangle.swift in Sources */ = {isa = PBXBuildFile; fileRef = 943D25B01947128A00263D91 /* Rectangle.swift */; };
		94502FCB1938247F00012DC4 /* CSTerrainProvider.m in Sources */ = {isa = PBXBuildFile; fileRef = 94502FCA1938247F00012DC4 /* CSTerrainProvider.m */; };
		94502FCE1938248D00012DC4 /* CSEllipsoidTerrainProvider.m in Sources */ = {isa = PBXBuildFile; fileRef = 94502FCD1938248D00012DC4 /* CSEllipsoidTerrainProvider.m */; };
		94502FD1193826AF00012DC4 /* CSTilingScheme.m in Sources */ = {isa = PBXBuildFile; fileRef = 94502FD0193826AF00012DC4 /* CSTilingScheme.m */; };
		94502FD4193826DF00012DC4 /* CSWebMercatorTilingScheme.m in Sources */ = {isa = PBXBuildFile; fileRef = 94502FD3193826DF00012DC4 /* CSWebMercatorTilingScheme.m */; };
		9451509B193ADB8600012DC4 /* CSHeightMapStructure.m in Sources */ = {isa = PBXBuildFile; fileRef = 9451509A193ADB8600012DC4 /* CSHeightMapStructure.m */; };
		9451509E193C597E00012DC4 /* CSTerrainMesh.m in Sources */ = {isa = PBXBuildFile; fileRef = 9451509D193C597E00012DC4 /* CSTerrainMesh.m */; };
		945150A4193C648700012DC4 /* CSHeightMapTessellator.m in Sources */ = {isa = PBXBuildFile; fileRef = 945150A3193C648700012DC4 /* CSHeightMapTessellator.m */; };
		945D2DBC193D7FA900012DC4 /* EllipsoidalOccluder.swift in Sources */ = {isa = PBXBuildFile; fileRef = 945D2DBB193D7FA900012DC4 /* EllipsoidalOccluder.swift */; };
		9465BB56193F8A57006F5994 /* CSPackable.m in Sources */ = {isa = PBXBuildFile; fileRef = 9465BB55193F8A57006F5994 /* CSPackable.m */; };
		948D03D91944802300DC0E52 /* BoundingSphere.swift in Sources */ = {isa = PBXBuildFile; fileRef = 948D03D81944802300DC0E52 /* BoundingSphere.swift */; };
		948D03DB19449DC900DC0E52 /* Cartesian3.swift in Sources */ = {isa = PBXBuildFile; fileRef = 948D03DA19449DC900DC0E52 /* Cartesian3.swift */; };
		948D03DD19449E9600DC0E52 /* Packable.swift in Sources */ = {isa = PBXBuildFile; fileRef = 948D03DC19449E9600DC0E52 /* Packable.swift */; };
		948D03DF1944EC1B00DC0E52 /* Spherical.swift in Sources */ = {isa = PBXBuildFile; fileRef = 948D03DE1944EC1B00DC0E52 /* Spherical.swift */; };
		948D03E11944F1E200DC0E52 /* Cartesian4.swift in Sources */ = {isa = PBXBuildFile; fileRef = 948D03E01944F1E200DC0E52 /* Cartesian4.swift */; };
		949ABA8119410120009B1183 /* Intersect.swift in Sources */ = {isa = PBXBuildFile; fileRef = 949ABA8019410120009B1183 /* Intersect.swift */; };
		94BC4355194816B8007117F2 /* BoundingRectangle.swift in Sources */ = {isa = PBXBuildFile; fileRef = 94BC4354194816B8007117F2 /* BoundingRectangle.swift */; };
		94BC43571948189A007117F2 /* Cartesian2.swift in Sources */ = {isa = PBXBuildFile; fileRef = 94BC43561948189A007117F2 /* Cartesian2.swift */; };
		94DC79261918425300012DC4 /* Foundation.framework in Frameworks */ = {isa = PBXBuildFile; fileRef = 94DC79251918425300012DC4 /* Foundation.framework */; };
		94DC792B1918425300012DC4 /* CesiumKit.h in CopyFiles */ = {isa = PBXBuildFile; fileRef = 94DC792A1918425300012DC4 /* CesiumKit.h */; };
		94DC792D1918425300012DC4 /* CesiumKit.m in Sources */ = {isa = PBXBuildFile; fileRef = 94DC792C1918425300012DC4 /* CesiumKit.m */; };
		94DC79341918425300012DC4 /* XCTest.framework in Frameworks */ = {isa = PBXBuildFile; fileRef = 94DC79331918425300012DC4 /* XCTest.framework */; };
		94DC79351918425300012DC4 /* Foundation.framework in Frameworks */ = {isa = PBXBuildFile; fileRef = 94DC79251918425300012DC4 /* Foundation.framework */; };
		94DC79371918425300012DC4 /* UIKit.framework in Frameworks */ = {isa = PBXBuildFile; fileRef = 94DC79361918425300012DC4 /* UIKit.framework */; };
		94DC793A1918425300012DC4 /* libCesiumKit.a in Frameworks */ = {isa = PBXBuildFile; fileRef = 94DC79221918425300012DC4 /* libCesiumKit.a */; };
		94DC79401918425300012DC4 /* InfoPlist.strings in Resources */ = {isa = PBXBuildFile; fileRef = 94DC793E1918425300012DC4 /* InfoPlist.strings */; };
		94DC79421918425300012DC4 /* CesiumKitTests.m in Sources */ = {isa = PBXBuildFile; fileRef = 94DC79411918425300012DC4 /* CesiumKitTests.m */; };
/* End PBXBuildFile section */

/* Begin PBXContainerItemProxy section */
		94DC79381918425300012DC4 /* PBXContainerItemProxy */ = {
			isa = PBXContainerItemProxy;
			containerPortal = 94DC791A1918425300012DC4 /* Project object */;
			proxyType = 1;
			remoteGlobalIDString = 94DC79211918425300012DC4;
			remoteInfo = CesiumKit;
		};
/* End PBXContainerItemProxy section */

/* Begin PBXCopyFilesBuildPhase section */
		94DC79201918425300012DC4 /* CopyFiles */ = {
			isa = PBXCopyFilesBuildPhase;
			buildActionMask = 2147483647;
			dstPath = "include/$(PRODUCT_NAME)";
			dstSubfolderSpec = 16;
			files = (
				94DC792B1918425300012DC4 /* CesiumKit.h in CopyFiles */,
			);
			runOnlyForDeploymentPostprocessing = 0;
		};
/* End PBXCopyFilesBuildPhase section */

/* Begin PBXFileReference section */
		9404F42F193357B500012DC4 /* CSRendererDefines.h */ = {isa = PBXFileReference; lastKnownFileType = sourcecode.c.h; path = CSRendererDefines.h; sourceTree = "<group>"; };
		9417EC441942C31B00586516 /* Interval.swift */ = {isa = PBXFileReference; fileEncoding = 4; lastKnownFileType = sourcecode.swift; path = Interval.swift; sourceTree = "<group>"; };
		942A83DA19386F1F00012DC4 /* CSGeographicTilingScheme.h */ = {isa = PBXFileReference; fileEncoding = 4; lastKnownFileType = sourcecode.c.h; path = CSGeographicTilingScheme.h; sourceTree = "<group>"; };
		942A83DB19386F1F00012DC4 /* CSGeographicTilingScheme.m */ = {isa = PBXFileReference; fileEncoding = 4; lastKnownFileType = sourcecode.c.objc; path = CSGeographicTilingScheme.m; sourceTree = "<group>"; };
		942A83E0193878DE00012DC4 /* CSHeightMapTerrainData.h */ = {isa = PBXFileReference; fileEncoding = 4; lastKnownFileType = sourcecode.c.h; path = CSHeightMapTerrainData.h; sourceTree = "<group>"; };
		942A83E1193878DE00012DC4 /* CSHeightMapTerrainData.m */ = {isa = PBXFileReference; fileEncoding = 4; lastKnownFileType = sourcecode.c.objc; path = CSHeightMapTerrainData.m; sourceTree = "<group>"; };
		942A83E3193878EE00012DC4 /* CSTerrainData.h */ = {isa = PBXFileReference; fileEncoding = 4; lastKnownFileType = sourcecode.c.h; path = CSTerrainData.h; sourceTree = "<group>"; };
		942A83E4193878EE00012DC4 /* CSTerrainData.m */ = {isa = PBXFileReference; fileEncoding = 4; lastKnownFileType = sourcecode.c.objc; path = CSTerrainData.m; sourceTree = "<group>"; };
		943744F51945D09F0017FE14 /* Cartographic.swift */ = {isa = PBXFileReference; fileEncoding = 4; lastKnownFileType = sourcecode.swift; path = Cartographic.swift; sourceTree = "<group>"; };
		943744F71945D5320017FE14 /* Ellipsoid.swift */ = {isa = PBXFileReference; fileEncoding = 4; lastKnownFileType = sourcecode.swift; path = Ellipsoid.swift; sourceTree = "<group>"; };
		943999041930418C00012DC4 /* CSVertexFormat.h */ = {isa = PBXFileReference; fileEncoding = 4; lastKnownFileType = sourcecode.c.h; path = CSVertexFormat.h; sourceTree = "<group>"; };
		943999061930418C00012DC4 /* CSCartesian4.h */ = {isa = PBXFileReference; fileEncoding = 4; lastKnownFileType = sourcecode.c.h; path = CSCartesian4.h; sourceTree = "<group>"; };
		943999081930418C00012DC4 /* CSWebMercatorProjection.h */ = {isa = PBXFileReference; fileEncoding = 4; lastKnownFileType = sourcecode.c.h; path = CSWebMercatorProjection.h; sourceTree = "<group>"; };
		9439990A1930418C00012DC4 /* CSRay.h */ = {isa = PBXFileReference; fileEncoding = 4; lastKnownFileType = sourcecode.c.h; path = CSRay.h; sourceTree = "<group>"; };
		9439990C1930418C00012DC4 /* CSCartesian2.m */ = {isa = PBXFileReference; fileEncoding = 4; lastKnownFileType = sourcecode.c.objc; path = CSCartesian2.m; sourceTree = "<group>"; };
		9439990D1930418C00012DC4 /* CSRectangle.m */ = {isa = PBXFileReference; fileEncoding = 4; lastKnownFileType = sourcecode.c.objc; path = CSRectangle.m; sourceTree = "<group>"; };
		9439990E1930418C00012DC4 /* CSProjection+Private.h */ = {isa = PBXFileReference; fileEncoding = 4; lastKnownFileType = sourcecode.c.h; path = "CSProjection+Private.h"; sourceTree = "<group>"; };
		9439990F1930418C00012DC4 /* CSProjection.m */ = {isa = PBXFileReference; fileEncoding = 4; lastKnownFileType = sourcecode.c.objc; path = CSProjection.m; sourceTree = "<group>"; };
		943999101930418C00012DC4 /* CSMatrix4.m */ = {isa = PBXFileReference; fileEncoding = 4; lastKnownFileType = sourcecode.c.objc; path = CSMatrix4.m; sourceTree = "<group>"; };
		943999111930418C00012DC4 /* CSBoundingRectangle.m */ = {isa = PBXFileReference; fileEncoding = 4; lastKnownFileType = sourcecode.c.objc; path = CSBoundingRectangle.m; sourceTree = "<group>"; };
		943999121930418C00012DC4 /* CSEllipsoidGeometry.h */ = {isa = PBXFileReference; fileEncoding = 4; lastKnownFileType = sourcecode.c.h; path = CSEllipsoidGeometry.h; sourceTree = "<group>"; };
		943999131930418C00012DC4 /* CSMath.m */ = {isa = PBXFileReference; fileEncoding = 4; lastKnownFileType = sourcecode.c.objc; path = CSMath.m; sourceTree = "<group>"; };
		943999141930418C00012DC4 /* CSGeographicProjection.h */ = {isa = PBXFileReference; fileEncoding = 4; lastKnownFileType = sourcecode.c.h; path = CSGeographicProjection.h; sourceTree = "<group>"; };
		943999161930418C00012DC4 /* CSQuarternion.h */ = {isa = PBXFileReference; fileEncoding = 4; lastKnownFileType = sourcecode.c.h; path = CSQuarternion.h; sourceTree = "<group>"; };
		943999171930418C00012DC4 /* CSCartesian2.h */ = {isa = PBXFileReference; fileEncoding = 4; lastKnownFileType = sourcecode.c.h; path = CSCartesian2.h; sourceTree = "<group>"; };
		943999181930418C00012DC4 /* CSRectangle.h */ = {isa = PBXFileReference; fileEncoding = 4; lastKnownFileType = sourcecode.c.h; path = CSRectangle.h; sourceTree = "<group>"; };
		943999191930418C00012DC4 /* CSBoundingRectangle.h */ = {isa = PBXFileReference; fileEncoding = 4; lastKnownFileType = sourcecode.c.h; path = CSBoundingRectangle.h; sourceTree = "<group>"; };
		9439991A1930418C00012DC4 /* CSMatrix4.h */ = {isa = PBXFileReference; fileEncoding = 4; lastKnownFileType = sourcecode.c.h; path = CSMatrix4.h; sourceTree = "<group>"; };
		9439991B1930418C00012DC4 /* CSEllipsoidGeometry.m */ = {isa = PBXFileReference; fileEncoding = 4; lastKnownFileType = sourcecode.c.objc; path = CSEllipsoidGeometry.m; sourceTree = "<group>"; };
		9439991C1930418C00012DC4 /* CSProjection.h */ = {isa = PBXFileReference; fileEncoding = 4; lastKnownFileType = sourcecode.c.h; path = CSProjection.h; sourceTree = "<group>"; };
		9439991E1930418C00012DC4 /* CSQuarternion.m */ = {isa = PBXFileReference; fileEncoding = 4; lastKnownFileType = sourcecode.c.objc; path = CSQuarternion.m; sourceTree = "<group>"; };
		9439991F1930418C00012DC4 /* CSMath.h */ = {isa = PBXFileReference; fileEncoding = 4; lastKnownFileType = sourcecode.c.h; path = CSMath.h; sourceTree = "<group>"; };
		943999201930418C00012DC4 /* CSGeographicProjection.m */ = {isa = PBXFileReference; fileEncoding = 4; lastKnownFileType = sourcecode.c.objc; path = CSGeographicProjection.m; sourceTree = "<group>"; };
		943999211930418C00012DC4 /* CSVertexFormat.m */ = {isa = PBXFileReference; fileEncoding = 4; lastKnownFileType = sourcecode.c.objc; path = CSVertexFormat.m; sourceTree = "<group>"; };
		943999231930418C00012DC4 /* CSCartesian4.m */ = {isa = PBXFileReference; fileEncoding = 4; lastKnownFileType = sourcecode.c.objc; path = CSCartesian4.m; sourceTree = "<group>"; };
		943999251930418C00012DC4 /* CSWebMercatorProjection.m */ = {isa = PBXFileReference; fileEncoding = 4; lastKnownFileType = sourcecode.c.objc; path = CSWebMercatorProjection.m; sourceTree = "<group>"; };
		943999281930418C00012DC4 /* CSRay.m */ = {isa = PBXFileReference; fileEncoding = 4; lastKnownFileType = sourcecode.c.objc; path = CSRay.m; sourceTree = "<group>"; };
		9439992C1930418C00012DC4 /* CSDrawCommand.h */ = {isa = PBXFileReference; fileEncoding = 4; lastKnownFileType = sourcecode.c.h; path = CSDrawCommand.h; sourceTree = "<group>"; };
		9439992D1930418C00012DC4 /* CSPassState.h */ = {isa = PBXFileReference; fileEncoding = 4; lastKnownFileType = sourcecode.c.h; path = CSPassState.h; sourceTree = "<group>"; };
		9439992E1930418C00012DC4 /* CSUniformState.h */ = {isa = PBXFileReference; fileEncoding = 4; lastKnownFileType = sourcecode.c.h; path = CSUniformState.h; sourceTree = "<group>"; };
		9439992F1930418C00012DC4 /* CSRenderState.m */ = {isa = PBXFileReference; fileEncoding = 4; lastKnownFileType = sourcecode.c.objc; path = CSRenderState.m; sourceTree = "<group>"; };
		943999301930418C00012DC4 /* CSContext.h */ = {isa = PBXFileReference; fileEncoding = 4; lastKnownFileType = sourcecode.c.h; path = CSContext.h; sourceTree = "<group>"; };
		943999321930418C00012DC4 /* CSRenderState.h */ = {isa = PBXFileReference; fileEncoding = 4; lastKnownFileType = sourcecode.c.h; path = CSRenderState.h; sourceTree = "<group>"; };
		943999331930418C00012DC4 /* CSContext.m */ = {isa = PBXFileReference; fileEncoding = 4; lastKnownFileType = sourcecode.c.objc; path = CSContext.m; sourceTree = "<group>"; };
		943999351930418C00012DC4 /* CSDrawCommand.m */ = {isa = PBXFileReference; fileEncoding = 4; lastKnownFileType = sourcecode.c.objc; path = CSDrawCommand.m; sourceTree = "<group>"; };
		943999361930418C00012DC4 /* CSUniformState.m */ = {isa = PBXFileReference; fileEncoding = 4; lastKnownFileType = sourcecode.c.objc; path = CSUniformState.m; sourceTree = "<group>"; };
		943999371930418C00012DC4 /* CSPassState.m */ = {isa = PBXFileReference; fileEncoding = 4; lastKnownFileType = sourcecode.c.objc; path = CSPassState.m; sourceTree = "<group>"; };
		943999391930418C00012DC4 /* CSScene.m */ = {isa = PBXFileReference; fileEncoding = 4; lastKnownFileType = sourcecode.c.objc; path = CSScene.m; sourceTree = "<group>"; };
		9439993A1930418C00012DC4 /* CSFrustum.h */ = {isa = PBXFileReference; fileEncoding = 4; lastKnownFileType = sourcecode.c.h; path = CSFrustum.h; sourceTree = "<group>"; };
		9439993B1930418C00012DC4 /* CSPrimitives.m */ = {isa = PBXFileReference; fileEncoding = 4; lastKnownFileType = sourcecode.c.objc; path = CSPrimitives.m; sourceTree = "<group>"; };
		9439993C1930418C00012DC4 /* CSCamera.m */ = {isa = PBXFileReference; fileEncoding = 4; lastKnownFileType = sourcecode.c.objc; path = CSCamera.m; sourceTree = "<group>"; };
		9439993D1930418C00012DC4 /* CSFrameState.h */ = {isa = PBXFileReference; fileEncoding = 4; lastKnownFileType = sourcecode.c.h; path = CSFrameState.h; sourceTree = "<group>"; };
		9439993E1930418C00012DC4 /* CSPerspectiveFrustum.m */ = {isa = PBXFileReference; fileEncoding = 4; lastKnownFileType = sourcecode.c.objc; path = CSPerspectiveFrustum.m; sourceTree = "<group>"; };
		9439993F1930418C00012DC4 /* CSFrameState.m */ = {isa = PBXFileReference; fileEncoding = 4; lastKnownFileType = sourcecode.c.objc; path = CSFrameState.m; sourceTree = "<group>"; };
		943999401930418C00012DC4 /* CSPerspectiveFrustum.h */ = {isa = PBXFileReference; fileEncoding = 4; lastKnownFileType = sourcecode.c.h; path = CSPerspectiveFrustum.h; sourceTree = "<group>"; };
		943999411930418C00012DC4 /* CSScene.h */ = {isa = PBXFileReference; fileEncoding = 4; lastKnownFileType = sourcecode.c.h; path = CSScene.h; sourceTree = "<group>"; };
		943999421930418C00012DC4 /* CSFrustum.m */ = {isa = PBXFileReference; fileEncoding = 4; lastKnownFileType = sourcecode.c.objc; path = CSFrustum.m; sourceTree = "<group>"; };
		943999431930418C00012DC4 /* CSPrimitives.h */ = {isa = PBXFileReference; fileEncoding = 4; lastKnownFileType = sourcecode.c.h; path = CSPrimitives.h; sourceTree = "<group>"; };
		943999441930418C00012DC4 /* CSCamera.h */ = {isa = PBXFileReference; fileEncoding = 4; lastKnownFileType = sourcecode.c.h; path = CSCamera.h; sourceTree = "<group>"; };
		943CCACA193062E200012DC4 /* CSGlobe.h */ = {isa = PBXFileReference; fileEncoding = 4; lastKnownFileType = sourcecode.c.h; path = CSGlobe.h; sourceTree = "<group>"; };
		943CCACB193062E200012DC4 /* CSGlobe.m */ = {isa = PBXFileReference; fileEncoding = 4; lastKnownFileType = sourcecode.c.objc; path = CSGlobe.m; sourceTree = "<group>"; };
		943D25B01947128A00263D91 /* Rectangle.swift */ = {isa = PBXFileReference; fileEncoding = 4; lastKnownFileType = sourcecode.swift; path = Rectangle.swift; sourceTree = "<group>"; };
		94502FC91938247F00012DC4 /* CSTerrainProvider.h */ = {isa = PBXFileReference; fileEncoding = 4; lastKnownFileType = sourcecode.c.h; path = CSTerrainProvider.h; sourceTree = "<group>"; };
		94502FCA1938247F00012DC4 /* CSTerrainProvider.m */ = {isa = PBXFileReference; fileEncoding = 4; lastKnownFileType = sourcecode.c.objc; path = CSTerrainProvider.m; sourceTree = "<group>"; };
		94502FCC1938248D00012DC4 /* CSEllipsoidTerrainProvider.h */ = {isa = PBXFileReference; fileEncoding = 4; lastKnownFileType = sourcecode.c.h; path = CSEllipsoidTerrainProvider.h; sourceTree = "<group>"; };
		94502FCD1938248D00012DC4 /* CSEllipsoidTerrainProvider.m */ = {isa = PBXFileReference; fileEncoding = 4; lastKnownFileType = sourcecode.c.objc; path = CSEllipsoidTerrainProvider.m; sourceTree = "<group>"; };
		94502FCF193826AF00012DC4 /* CSTilingScheme.h */ = {isa = PBXFileReference; fileEncoding = 4; lastKnownFileType = sourcecode.c.h; path = CSTilingScheme.h; sourceTree = "<group>"; };
		94502FD0193826AF00012DC4 /* CSTilingScheme.m */ = {isa = PBXFileReference; fileEncoding = 4; lastKnownFileType = sourcecode.c.objc; path = CSTilingScheme.m; sourceTree = "<group>"; };
		94502FD2193826DF00012DC4 /* CSWebMercatorTilingScheme.h */ = {isa = PBXFileReference; fileEncoding = 4; lastKnownFileType = sourcecode.c.h; path = CSWebMercatorTilingScheme.h; sourceTree = "<group>"; };
		94502FD3193826DF00012DC4 /* CSWebMercatorTilingScheme.m */ = {isa = PBXFileReference; fileEncoding = 4; lastKnownFileType = sourcecode.c.objc; path = CSWebMercatorTilingScheme.m; sourceTree = "<group>"; };
		94515099193ADB8500012DC4 /* CSHeightMapStructure.h */ = {isa = PBXFileReference; fileEncoding = 4; lastKnownFileType = sourcecode.c.h; path = CSHeightMapStructure.h; sourceTree = "<group>"; };
		9451509A193ADB8600012DC4 /* CSHeightMapStructure.m */ = {isa = PBXFileReference; fileEncoding = 4; lastKnownFileType = sourcecode.c.objc; path = CSHeightMapStructure.m; sourceTree = "<group>"; };
		9451509C193C597E00012DC4 /* CSTerrainMesh.h */ = {isa = PBXFileReference; fileEncoding = 4; lastKnownFileType = sourcecode.c.h; path = CSTerrainMesh.h; sourceTree = "<group>"; };
		9451509D193C597E00012DC4 /* CSTerrainMesh.m */ = {isa = PBXFileReference; fileEncoding = 4; lastKnownFileType = sourcecode.c.objc; path = CSTerrainMesh.m; sourceTree = "<group>"; };
		945150A2193C648700012DC4 /* CSHeightMapTessellator.h */ = {isa = PBXFileReference; fileEncoding = 4; lastKnownFileType = sourcecode.c.h; path = CSHeightMapTessellator.h; sourceTree = "<group>"; };
		945150A3193C648700012DC4 /* CSHeightMapTessellator.m */ = {isa = PBXFileReference; fileEncoding = 4; lastKnownFileType = sourcecode.c.objc; path = CSHeightMapTessellator.m; sourceTree = "<group>"; };
		945D2DBA193D7FA800012DC4 /* CesiumKit-Bridging-Header.h */ = {isa = PBXFileReference; lastKnownFileType = sourcecode.c.h; name = "CesiumKit-Bridging-Header.h"; path = "Core/CesiumKit-Bridging-Header.h"; sourceTree = "<group>"; };
		945D2DBB193D7FA900012DC4 /* EllipsoidalOccluder.swift */ = {isa = PBXFileReference; fileEncoding = 4; lastKnownFileType = sourcecode.swift; path = EllipsoidalOccluder.swift; sourceTree = "<group>"; };
		9465BB54193F8A57006F5994 /* CSPackable.h */ = {isa = PBXFileReference; fileEncoding = 4; lastKnownFileType = sourcecode.c.h; path = CSPackable.h; sourceTree = "<group>"; };
		9465BB55193F8A57006F5994 /* CSPackable.m */ = {isa = PBXFileReference; fileEncoding = 4; lastKnownFileType = sourcecode.c.objc; path = CSPackable.m; sourceTree = "<group>"; };
		948D03D81944802300DC0E52 /* BoundingSphere.swift */ = {isa = PBXFileReference; fileEncoding = 4; lastKnownFileType = sourcecode.swift; path = BoundingSphere.swift; sourceTree = "<group>"; };
		948D03DA19449DC900DC0E52 /* Cartesian3.swift */ = {isa = PBXFileReference; fileEncoding = 4; lastKnownFileType = sourcecode.swift; path = Cartesian3.swift; sourceTree = "<group>"; };
		948D03DC19449E9600DC0E52 /* Packable.swift */ = {isa = PBXFileReference; fileEncoding = 4; lastKnownFileType = sourcecode.swift; path = Packable.swift; sourceTree = "<group>"; };
		948D03DE1944EC1B00DC0E52 /* Spherical.swift */ = {isa = PBXFileReference; fileEncoding = 4; lastKnownFileType = sourcecode.swift; path = Spherical.swift; sourceTree = "<group>"; };
		948D03E01944F1E200DC0E52 /* Cartesian4.swift */ = {isa = PBXFileReference; fileEncoding = 4; lastKnownFileType = sourcecode.swift; path = Cartesian4.swift; sourceTree = "<group>"; };
		949ABA8019410120009B1183 /* Intersect.swift */ = {isa = PBXFileReference; fileEncoding = 4; lastKnownFileType = sourcecode.swift; path = Intersect.swift; sourceTree = "<group>"; };
		94BC4354194816B8007117F2 /* BoundingRectangle.swift */ = {isa = PBXFileReference; fileEncoding = 4; lastKnownFileType = sourcecode.swift; path = BoundingRectangle.swift; sourceTree = "<group>"; };
		94BC43561948189A007117F2 /* Cartesian2.swift */ = {isa = PBXFileReference; fileEncoding = 4; lastKnownFileType = sourcecode.swift; path = Cartesian2.swift; sourceTree = "<group>"; };
		94DC79221918425300012DC4 /* libCesiumKit.a */ = {isa = PBXFileReference; explicitFileType = archive.ar; includeInIndex = 0; path = libCesiumKit.a; sourceTree = BUILT_PRODUCTS_DIR; };
		94DC79251918425300012DC4 /* Foundation.framework */ = {isa = PBXFileReference; lastKnownFileType = wrapper.framework; name = Foundation.framework; path = System/Library/Frameworks/Foundation.framework; sourceTree = SDKROOT; };
		94DC79291918425300012DC4 /* CesiumKit-Prefix.pch */ = {isa = PBXFileReference; lastKnownFileType = sourcecode.c.h; path = "CesiumKit-Prefix.pch"; sourceTree = "<group>"; };
		94DC792A1918425300012DC4 /* CesiumKit.h */ = {isa = PBXFileReference; lastKnownFileType = sourcecode.c.h; path = CesiumKit.h; sourceTree = "<group>"; };
		94DC792C1918425300012DC4 /* CesiumKit.m */ = {isa = PBXFileReference; lastKnownFileType = sourcecode.c.objc; path = CesiumKit.m; sourceTree = "<group>"; };
		94DC79321918425300012DC4 /* CesiumKitTests.xctest */ = {isa = PBXFileReference; explicitFileType = wrapper.cfbundle; includeInIndex = 0; path = CesiumKitTests.xctest; sourceTree = BUILT_PRODUCTS_DIR; };
		94DC79331918425300012DC4 /* XCTest.framework */ = {isa = PBXFileReference; lastKnownFileType = wrapper.framework; name = XCTest.framework; path = Library/Frameworks/XCTest.framework; sourceTree = DEVELOPER_DIR; };
		94DC79361918425300012DC4 /* UIKit.framework */ = {isa = PBXFileReference; lastKnownFileType = wrapper.framework; name = UIKit.framework; path = Library/Frameworks/UIKit.framework; sourceTree = DEVELOPER_DIR; };
		94DC793D1918425300012DC4 /* CesiumKitTests-Info.plist */ = {isa = PBXFileReference; lastKnownFileType = text.plist.xml; path = "CesiumKitTests-Info.plist"; sourceTree = "<group>"; };
		94DC793F1918425300012DC4 /* en */ = {isa = PBXFileReference; lastKnownFileType = text.plist.strings; name = en; path = en.lproj/InfoPlist.strings; sourceTree = "<group>"; };
		94DC79411918425300012DC4 /* CesiumKitTests.m */ = {isa = PBXFileReference; lastKnownFileType = sourcecode.c.objc; path = CesiumKitTests.m; sourceTree = "<group>"; };
/* End PBXFileReference section */

/* Begin PBXFrameworksBuildPhase section */
		94DC791F1918425300012DC4 /* Frameworks */ = {
			isa = PBXFrameworksBuildPhase;
			buildActionMask = 2147483647;
			files = (
				94DC79261918425300012DC4 /* Foundation.framework in Frameworks */,
			);
			runOnlyForDeploymentPostprocessing = 0;
		};
		94DC792F1918425300012DC4 /* Frameworks */ = {
			isa = PBXFrameworksBuildPhase;
			buildActionMask = 2147483647;
			files = (
				94DC79341918425300012DC4 /* XCTest.framework in Frameworks */,
				94DC79371918425300012DC4 /* UIKit.framework in Frameworks */,
				94DC793A1918425300012DC4 /* libCesiumKit.a in Frameworks */,
				94DC79351918425300012DC4 /* Foundation.framework in Frameworks */,
			);
			runOnlyForDeploymentPostprocessing = 0;
		};
/* End PBXFrameworksBuildPhase section */

/* Begin PBXGroup section */
		943999031930418C00012DC4 /* Core */ = {
			isa = PBXGroup;
			children = (
				94BC4354194816B8007117F2 /* BoundingRectangle.swift */,
				948D03D81944802300DC0E52 /* BoundingSphere.swift */,
				94BC43561948189A007117F2 /* Cartesian2.swift */,
				948D03DA19449DC900DC0E52 /* Cartesian3.swift */,
				948D03E01944F1E200DC0E52 /* Cartesian4.swift */,
				943744F51945D09F0017FE14 /* Cartographic.swift */,
				943999191930418C00012DC4 /* CSBoundingRectangle.h */,
				943999111930418C00012DC4 /* CSBoundingRectangle.m */,
				943999171930418C00012DC4 /* CSCartesian2.h */,
				9439990C1930418C00012DC4 /* CSCartesian2.m */,
				943999061930418C00012DC4 /* CSCartesian4.h */,
				943999231930418C00012DC4 /* CSCartesian4.m */,
				943999121930418C00012DC4 /* CSEllipsoidGeometry.h */,
				9439991B1930418C00012DC4 /* CSEllipsoidGeometry.m */,
				94502FCC1938248D00012DC4 /* CSEllipsoidTerrainProvider.h */,
				94502FCD1938248D00012DC4 /* CSEllipsoidTerrainProvider.m */,
				943999141930418C00012DC4 /* CSGeographicProjection.h */,
				943999201930418C00012DC4 /* CSGeographicProjection.m */,
				942A83DA19386F1F00012DC4 /* CSGeographicTilingScheme.h */,
				942A83DB19386F1F00012DC4 /* CSGeographicTilingScheme.m */,
				94515099193ADB8500012DC4 /* CSHeightMapStructure.h */,
				9451509A193ADB8600012DC4 /* CSHeightMapStructure.m */,
				942A83E0193878DE00012DC4 /* CSHeightMapTerrainData.h */,
				942A83E1193878DE00012DC4 /* CSHeightMapTerrainData.m */,
				945150A2193C648700012DC4 /* CSHeightMapTessellator.h */,
				945150A3193C648700012DC4 /* CSHeightMapTessellator.m */,
				9439991F1930418C00012DC4 /* CSMath.h */,
				943999131930418C00012DC4 /* CSMath.m */,
				9439991A1930418C00012DC4 /* CSMatrix4.h */,
				943999101930418C00012DC4 /* CSMatrix4.m */,
				9465BB54193F8A57006F5994 /* CSPackable.h */,
				9465BB55193F8A57006F5994 /* CSPackable.m */,
				9439991C1930418C00012DC4 /* CSProjection.h */,
				9439990F1930418C00012DC4 /* CSProjection.m */,
				9439990E1930418C00012DC4 /* CSProjection+Private.h */,
				943999161930418C00012DC4 /* CSQuarternion.h */,
				9439991E1930418C00012DC4 /* CSQuarternion.m */,
				9439990A1930418C00012DC4 /* CSRay.h */,
				943999281930418C00012DC4 /* CSRay.m */,
				943999181930418C00012DC4 /* CSRectangle.h */,
				9439990D1930418C00012DC4 /* CSRectangle.m */,
				942A83E3193878EE00012DC4 /* CSTerrainData.h */,
				942A83E4193878EE00012DC4 /* CSTerrainData.m */,
				9451509C193C597E00012DC4 /* CSTerrainMesh.h */,
				9451509D193C597E00012DC4 /* CSTerrainMesh.m */,
				94502FC91938247F00012DC4 /* CSTerrainProvider.h */,
				94502FCA1938247F00012DC4 /* CSTerrainProvider.m */,
				94502FCF193826AF00012DC4 /* CSTilingScheme.h */,
				94502FD0193826AF00012DC4 /* CSTilingScheme.m */,
				943999041930418C00012DC4 /* CSVertexFormat.h */,
				943999211930418C00012DC4 /* CSVertexFormat.m */,
				943999081930418C00012DC4 /* CSWebMercatorProjection.h */,
				943999251930418C00012DC4 /* CSWebMercatorProjection.m */,
				94502FD2193826DF00012DC4 /* CSWebMercatorTilingScheme.h */,
				94502FD3193826DF00012DC4 /* CSWebMercatorTilingScheme.m */,
				943744F71945D5320017FE14 /* Ellipsoid.swift */,
				945D2DBB193D7FA900012DC4 /* EllipsoidalOccluder.swift */,
				949ABA8019410120009B1183 /* Intersect.swift */,
				9417EC441942C31B00586516 /* Interval.swift */,
				948D03DC19449E9600DC0E52 /* Packable.swift */,
				943D25B01947128A00263D91 /* Rectangle.swift */,
				948D03DE1944EC1B00DC0E52 /* Spherical.swift */,
			);
			path = Core;
			sourceTree = "<group>";
		};
		9439992A1930418C00012DC4 /* DynamicScene */ = {
			isa = PBXGroup;
			children = (
			);
			path = DynamicScene;
			sourceTree = "<group>";
		};
		9439992B1930418C00012DC4 /* Renderer */ = {
			isa = PBXGroup;
			children = (
				943999301930418C00012DC4 /* CSContext.h */,
				943999331930418C00012DC4 /* CSContext.m */,
				9439992C1930418C00012DC4 /* CSDrawCommand.h */,
				943999351930418C00012DC4 /* CSDrawCommand.m */,
				9439992D1930418C00012DC4 /* CSPassState.h */,
				943999371930418C00012DC4 /* CSPassState.m */,
				943999321930418C00012DC4 /* CSRenderState.h */,
				9439992F1930418C00012DC4 /* CSRenderState.m */,
				9439992E1930418C00012DC4 /* CSUniformState.h */,
				943999361930418C00012DC4 /* CSUniformState.m */,
				9404F42F193357B500012DC4 /* CSRendererDefines.h */,
			);
			path = Renderer;
			sourceTree = "<group>";
		};
		943999381930418C00012DC4 /* Scene */ = {
			isa = PBXGroup;
			children = (
				943999441930418C00012DC4 /* CSCamera.h */,
				9439993C1930418C00012DC4 /* CSCamera.m */,
				9439993D1930418C00012DC4 /* CSFrameState.h */,
				9439993F1930418C00012DC4 /* CSFrameState.m */,
				9439993A1930418C00012DC4 /* CSFrustum.h */,
				943999421930418C00012DC4 /* CSFrustum.m */,
				943999401930418C00012DC4 /* CSPerspectiveFrustum.h */,
				9439993E1930418C00012DC4 /* CSPerspectiveFrustum.m */,
				943999431930418C00012DC4 /* CSPrimitives.h */,
				9439993B1930418C00012DC4 /* CSPrimitives.m */,
				943999411930418C00012DC4 /* CSScene.h */,
				943999391930418C00012DC4 /* CSScene.m */,
				943CCACA193062E200012DC4 /* CSGlobe.h */,
				943CCACB193062E200012DC4 /* CSGlobe.m */,
			);
			path = Scene;
			sourceTree = "<group>";
		};
		943999451930418C00012DC4 /* Shaders */ = {
			isa = PBXGroup;
			children = (
			);
			path = Shaders;
			sourceTree = "<group>";
		};
		94DC79191918425300012DC4 = {
			isa = PBXGroup;
			children = (
				94DC79271918425300012DC4 /* CesiumKit */,
				94DC793B1918425300012DC4 /* CesiumKitTests */,
				94DC79241918425300012DC4 /* Frameworks */,
				94DC79231918425300012DC4 /* Products */,
			);
			sourceTree = "<group>";
		};
		94DC79231918425300012DC4 /* Products */ = {
			isa = PBXGroup;
			children = (
				94DC79221918425300012DC4 /* libCesiumKit.a */,
				94DC79321918425300012DC4 /* CesiumKitTests.xctest */,
			);
			name = Products;
			sourceTree = "<group>";
		};
		94DC79241918425300012DC4 /* Frameworks */ = {
			isa = PBXGroup;
			children = (
				94DC79251918425300012DC4 /* Foundation.framework */,
				94DC79331918425300012DC4 /* XCTest.framework */,
				94DC79361918425300012DC4 /* UIKit.framework */,
			);
			name = Frameworks;
			sourceTree = "<group>";
		};
		94DC79271918425300012DC4 /* CesiumKit */ = {
			isa = PBXGroup;
			children = (
				945D2DBA193D7FA800012DC4 /* CesiumKit-Bridging-Header.h */,
				943999031930418C00012DC4 /* Core */,
				9439992A1930418C00012DC4 /* DynamicScene */,
				9439992B1930418C00012DC4 /* Renderer */,
				943999381930418C00012DC4 /* Scene */,
				943999451930418C00012DC4 /* Shaders */,
				94DC792A1918425300012DC4 /* CesiumKit.h */,
				94DC792C1918425300012DC4 /* CesiumKit.m */,
				94DC79281918425300012DC4 /* Supporting Files */,
			);
			path = CesiumKit;
			sourceTree = "<group>";
		};
		94DC79281918425300012DC4 /* Supporting Files */ = {
			isa = PBXGroup;
			children = (
				94DC79291918425300012DC4 /* CesiumKit-Prefix.pch */,
			);
			name = "Supporting Files";
			sourceTree = "<group>";
		};
		94DC793B1918425300012DC4 /* CesiumKitTests */ = {
			isa = PBXGroup;
			children = (
				94DC79411918425300012DC4 /* CesiumKitTests.m */,
				94DC793C1918425300012DC4 /* Supporting Files */,
			);
			path = CesiumKitTests;
			sourceTree = "<group>";
		};
		94DC793C1918425300012DC4 /* Supporting Files */ = {
			isa = PBXGroup;
			children = (
				94DC793D1918425300012DC4 /* CesiumKitTests-Info.plist */,
				94DC793E1918425300012DC4 /* InfoPlist.strings */,
			);
			name = "Supporting Files";
			sourceTree = "<group>";
		};
/* End PBXGroup section */

/* Begin PBXNativeTarget section */
		94DC79211918425300012DC4 /* CesiumKit */ = {
			isa = PBXNativeTarget;
			buildConfigurationList = 94DC79451918425300012DC4 /* Build configuration list for PBXNativeTarget "CesiumKit" */;
			buildPhases = (
				94DC791E1918425300012DC4 /* Sources */,
				94DC791F1918425300012DC4 /* Frameworks */,
				94DC79201918425300012DC4 /* CopyFiles */,
			);
			buildRules = (
			);
			dependencies = (
			);
			name = CesiumKit;
			productName = CesiumKit;
			productReference = 94DC79221918425300012DC4 /* libCesiumKit.a */;
			productType = "com.apple.product-type.library.static";
		};
		94DC79311918425300012DC4 /* CesiumKitTests */ = {
			isa = PBXNativeTarget;
			buildConfigurationList = 94DC79481918425300012DC4 /* Build configuration list for PBXNativeTarget "CesiumKitTests" */;
			buildPhases = (
				94DC792E1918425300012DC4 /* Sources */,
				94DC792F1918425300012DC4 /* Frameworks */,
				94DC79301918425300012DC4 /* Resources */,
			);
			buildRules = (
			);
			dependencies = (
				94DC79391918425300012DC4 /* PBXTargetDependency */,
			);
			name = CesiumKitTests;
			productName = CesiumKitTests;
			productReference = 94DC79321918425300012DC4 /* CesiumKitTests.xctest */;
			productType = "com.apple.product-type.bundle.unit-test";
		};
/* End PBXNativeTarget section */

/* Begin PBXProject section */
		94DC791A1918425300012DC4 /* Project object */ = {
			isa = PBXProject;
			attributes = {
				LastUpgradeCheck = 0510;
				ORGANIZATIONNAME = "Test Toast";
			};
			buildConfigurationList = 94DC791D1918425300012DC4 /* Build configuration list for PBXProject "CesiumKit" */;
			compatibilityVersion = "Xcode 3.2";
			developmentRegion = English;
			hasScannedForEncodings = 0;
			knownRegions = (
				en,
			);
			mainGroup = 94DC79191918425300012DC4;
			productRefGroup = 94DC79231918425300012DC4 /* Products */;
			projectDirPath = "";
			projectRoot = "";
			targets = (
				94DC79211918425300012DC4 /* CesiumKit */,
				94DC79311918425300012DC4 /* CesiumKitTests */,
			);
		};
/* End PBXProject section */

/* Begin PBXResourcesBuildPhase section */
		94DC79301918425300012DC4 /* Resources */ = {
			isa = PBXResourcesBuildPhase;
			buildActionMask = 2147483647;
			files = (
				94DC79401918425300012DC4 /* InfoPlist.strings in Resources */,
			);
			runOnlyForDeploymentPostprocessing = 0;
		};
/* End PBXResourcesBuildPhase section */

/* Begin PBXSourcesBuildPhase section */
		94DC791E1918425300012DC4 /* Sources */ = {
			isa = PBXSourcesBuildPhase;
			buildActionMask = 2147483647;
			files = (
				943999601930418C00012DC4 /* CSCamera.m in Sources */,
				94BC43571948189A007117F2 /* Cartesian2.swift in Sources */,
				94502FD1193826AF00012DC4 /* CSTilingScheme.m in Sources */,
				943999611930418C00012DC4 /* CSPerspectiveFrustum.m in Sources */,
				943CCACC193062E200012DC4 /* CSGlobe.m in Sources */,
				943999511930418C00012DC4 /* CSQuarternion.m in Sources */,
				943999621930418C00012DC4 /* CSFrameState.m in Sources */,
				945150A4193C648700012DC4 /* CSHeightMapTessellator.m in Sources */,
				948D03E11944F1E200DC0E52 /* Cartesian4.swift in Sources */,
				949ABA8119410120009B1183 /* Intersect.swift in Sources */,
				9451509B193ADB8600012DC4 /* CSHeightMapStructure.m in Sources */,
				9439995F1930418C00012DC4 /* CSPrimitives.m in Sources */,
				943999491930418C00012DC4 /* CSCartesian2.m in Sources */,
				942A83E5193878EE00012DC4 /* CSTerrainData.m in Sources */,
				943999631930418C00012DC4 /* CSFrustum.m in Sources */,
				948D03DB19449DC900DC0E52 /* Cartesian3.swift in Sources */,
				943744F61945D09F0017FE14 /* Cartographic.swift in Sources */,
				943999581930418C00012DC4 /* CSRenderState.m in Sources */,
				943999551930418C00012DC4 /* CSCartesian4.m in Sources */,
				9439995B1930418C00012DC4 /* CSDrawCommand.m in Sources */,
				9439994D1930418C00012DC4 /* CSBoundingRectangle.m in Sources */,
				94DC792D1918425300012DC4 /* CesiumKit.m in Sources */,
				9439995D1930418C00012DC4 /* CSPassState.m in Sources */,
				9439995E1930418C00012DC4 /* CSScene.m in Sources */,
				94BC4355194816B8007117F2 /* BoundingRectangle.swift in Sources */,
				94502FD4193826DF00012DC4 /* CSWebMercatorTilingScheme.m in Sources */,
				9451509E193C597E00012DC4 /* CSTerrainMesh.m in Sources */,
				943999531930418C00012DC4 /* CSVertexFormat.m in Sources */,
				9417EC451942C31B00586516 /* Interval.swift in Sources */,
				9439994C1930418C00012DC4 /* CSMatrix4.m in Sources */,
				9439994A1930418C00012DC4 /* CSRectangle.m in Sources */,
				943999571930418C00012DC4 /* CSRay.m in Sources */,
				94502FCE1938248D00012DC4 /* CSEllipsoidTerrainProvider.m in Sources */,
				948D03DF1944EC1B00DC0E52 /* Spherical.swift in Sources */,
				943999561930418C00012DC4 /* CSWebMercatorProjection.m in Sources */,
				943999591930418C00012DC4 /* CSContext.m in Sources */,
				945D2DBC193D7FA900012DC4 /* EllipsoidalOccluder.swift in Sources */,
				9439995C1930418C00012DC4 /* CSUniformState.m in Sources */,
				943744F81945D5320017FE14 /* Ellipsoid.swift in Sources */,
				942A83DC19386F1F00012DC4 /* CSGeographicTilingScheme.m in Sources */,
				9465BB56193F8A57006F5994 /* CSPackable.m in Sources */,
				9439994B1930418C00012DC4 /* CSProjection.m in Sources */,
				9439994E1930418C00012DC4 /* CSMath.m in Sources */,
				943999501930418C00012DC4 /* CSEllipsoidGeometry.m in Sources */,
				948D03D91944802300DC0E52 /* BoundingSphere.swift in Sources */,
				942A83E2193878DE00012DC4 /* CSHeightMapTerrainData.m in Sources */,
				94502FCB1938247F00012DC4 /* CSTerrainProvider.m in Sources */,
				948D03DD19449E9600DC0E52 /* Packable.swift in Sources */,
				943999521930418C00012DC4 /* CSGeographicProjection.m in Sources */,
				943D25B11947128A00263D91 /* Rectangle.swift in Sources */,
			);
			runOnlyForDeploymentPostprocessing = 0;
		};
		94DC792E1918425300012DC4 /* Sources */ = {
			isa = PBXSourcesBuildPhase;
			buildActionMask = 2147483647;
			files = (
				94DC79421918425300012DC4 /* CesiumKitTests.m in Sources */,
			);
			runOnlyForDeploymentPostprocessing = 0;
		};
/* End PBXSourcesBuildPhase section */

/* Begin PBXTargetDependency section */
		94DC79391918425300012DC4 /* PBXTargetDependency */ = {
			isa = PBXTargetDependency;
			target = 94DC79211918425300012DC4 /* CesiumKit */;
			targetProxy = 94DC79381918425300012DC4 /* PBXContainerItemProxy */;
		};
/* End PBXTargetDependency section */

/* Begin PBXVariantGroup section */
		94DC793E1918425300012DC4 /* InfoPlist.strings */ = {
			isa = PBXVariantGroup;
			children = (
				94DC793F1918425300012DC4 /* en */,
			);
			name = InfoPlist.strings;
			sourceTree = "<group>";
		};
/* End PBXVariantGroup section */

/* Begin XCBuildConfiguration section */
		94DC79431918425300012DC4 /* Debug */ = {
			isa = XCBuildConfiguration;
			buildSettings = {
				ALWAYS_SEARCH_USER_PATHS = NO;
				CLANG_CXX_LANGUAGE_STANDARD = "gnu++0x";
				CLANG_CXX_LIBRARY = "libc++";
				CLANG_ENABLE_MODULES = YES;
				CLANG_ENABLE_OBJC_ARC = YES;
				CLANG_WARN_BOOL_CONVERSION = YES;
				CLANG_WARN_CONSTANT_CONVERSION = YES;
				CLANG_WARN_DIRECT_OBJC_ISA_USAGE = YES_ERROR;
				CLANG_WARN_EMPTY_BODY = YES;
				CLANG_WARN_ENUM_CONVERSION = YES;
				CLANG_WARN_INT_CONVERSION = YES;
				CLANG_WARN_OBJC_ROOT_CLASS = YES_ERROR;
				CLANG_WARN__DUPLICATE_METHOD_MATCH = YES;
				COPY_PHASE_STRIP = NO;
				GCC_C_LANGUAGE_STANDARD = gnu99;
				GCC_DYNAMIC_NO_PIC = NO;
				GCC_OPTIMIZATION_LEVEL = 0;
				GCC_PREPROCESSOR_DEFINITIONS = (
					"DEBUG=1",
					"$(inherited)",
				);
				GCC_SYMBOLS_PRIVATE_EXTERN = NO;
				GCC_WARN_64_TO_32_BIT_CONVERSION = YES;
				GCC_WARN_ABOUT_RETURN_TYPE = YES_ERROR;
				GCC_WARN_UNDECLARED_SELECTOR = YES;
				GCC_WARN_UNINITIALIZED_AUTOS = YES_AGGRESSIVE;
				GCC_WARN_UNUSED_FUNCTION = YES;
				GCC_WARN_UNUSED_VARIABLE = YES;
				IPHONEOS_DEPLOYMENT_TARGET = 7.1;
				ONLY_ACTIVE_ARCH = YES;
				SDKROOT = iphoneos;
			};
			name = Debug;
		};
		94DC79441918425300012DC4 /* Release */ = {
			isa = XCBuildConfiguration;
			buildSettings = {
				ALWAYS_SEARCH_USER_PATHS = NO;
				CLANG_CXX_LANGUAGE_STANDARD = "gnu++0x";
				CLANG_CXX_LIBRARY = "libc++";
				CLANG_ENABLE_MODULES = YES;
				CLANG_ENABLE_OBJC_ARC = YES;
				CLANG_WARN_BOOL_CONVERSION = YES;
				CLANG_WARN_CONSTANT_CONVERSION = YES;
				CLANG_WARN_DIRECT_OBJC_ISA_USAGE = YES_ERROR;
				CLANG_WARN_EMPTY_BODY = YES;
				CLANG_WARN_ENUM_CONVERSION = YES;
				CLANG_WARN_INT_CONVERSION = YES;
				CLANG_WARN_OBJC_ROOT_CLASS = YES_ERROR;
				CLANG_WARN__DUPLICATE_METHOD_MATCH = YES;
				COPY_PHASE_STRIP = YES;
				ENABLE_NS_ASSERTIONS = NO;
				GCC_C_LANGUAGE_STANDARD = gnu99;
				GCC_WARN_64_TO_32_BIT_CONVERSION = YES;
				GCC_WARN_ABOUT_RETURN_TYPE = YES_ERROR;
				GCC_WARN_UNDECLARED_SELECTOR = YES;
				GCC_WARN_UNINITIALIZED_AUTOS = YES_AGGRESSIVE;
				GCC_WARN_UNUSED_FUNCTION = YES;
				GCC_WARN_UNUSED_VARIABLE = YES;
				IPHONEOS_DEPLOYMENT_TARGET = 7.1;
				SDKROOT = iphoneos;
				VALIDATE_PRODUCT = YES;
			};
			name = Release;
		};
		94DC79461918425300012DC4 /* Debug */ = {
			isa = XCBuildConfiguration;
			buildSettings = {
				CLANG_ENABLE_MODULES = YES;
				DSTROOT = /tmp/CesiumKit.dst;
				GCC_PRECOMPILE_PREFIX_HEADER = YES;
				GCC_PREFIX_HEADER = "CesiumKit/CesiumKit-Prefix.pch";
				LD_RUNPATH_SEARCH_PATHS = "$(inherited) @executable_path/Frameworks @loader_path/Frameworks";
				OTHER_LDFLAGS = "-ObjC";
				PRODUCT_NAME = "$(TARGET_NAME)";
				SKIP_INSTALL = YES;
				SWIFT_OBJC_BRIDGING_HEADER = "CesiumKit/Core/CesiumKit-Bridging-Header.h";
				SWIFT_OPTIMIZATION_LEVEL = "-Onone";
			};
			name = Debug;
		};
		94DC79471918425300012DC4 /* Release */ = {
			isa = XCBuildConfiguration;
			buildSettings = {
				CLANG_ENABLE_MODULES = YES;
				DSTROOT = /tmp/CesiumKit.dst;
				GCC_PRECOMPILE_PREFIX_HEADER = YES;
				GCC_PREFIX_HEADER = "CesiumKit/CesiumKit-Prefix.pch";
				LD_RUNPATH_SEARCH_PATHS = "$(inherited) @executable_path/Frameworks @loader_path/Frameworks";
				OTHER_LDFLAGS = "-ObjC";
				PRODUCT_NAME = "$(TARGET_NAME)";
				SKIP_INSTALL = YES;
				SWIFT_OBJC_BRIDGING_HEADER = "CesiumKit/Core/CesiumKit-Bridging-Header.h";
			};
			name = Release;
		};
		94DC79491918425300012DC4 /* Debug */ = {
			isa = XCBuildConfiguration;
			buildSettings = {
				FRAMEWORK_SEARCH_PATHS = (
					"$(SDKROOT)/Developer/Library/Frameworks",
					"$(inherited)",
					"$(DEVELOPER_FRAMEWORKS_DIR)",
				);
				GCC_PRECOMPILE_PREFIX_HEADER = YES;
				GCC_PREFIX_HEADER = "CesiumKit/CesiumKit-Prefix.pch";
				GCC_PREPROCESSOR_DEFINITIONS = (
					"DEBUG=1",
					"$(inherited)",
				);
				INFOPLIST_FILE = "CesiumKitTests/CesiumKitTests-Info.plist";
				PRODUCT_NAME = "$(TARGET_NAME)";
				WRAPPER_EXTENSION = xctest;
			};
			name = Debug;
		};
		94DC794A1918425300012DC4 /* Release */ = {
			isa = XCBuildConfiguration;
			buildSettings = {
				FRAMEWORK_SEARCH_PATHS = (
					"$(SDKROOT)/Developer/Library/Frameworks",
					"$(inherited)",
					"$(DEVELOPER_FRAMEWORKS_DIR)",
				);
				GCC_PRECOMPILE_PREFIX_HEADER = YES;
				GCC_PREFIX_HEADER = "CesiumKit/CesiumKit-Prefix.pch";
				INFOPLIST_FILE = "CesiumKitTests/CesiumKitTests-Info.plist";
				PRODUCT_NAME = "$(TARGET_NAME)";
				WRAPPER_EXTENSION = xctest;
			};
			name = Release;
		};
/* End XCBuildConfiguration section */

/* Begin XCConfigurationList section */
		94DC791D1918425300012DC4 /* Build configuration list for PBXProject "CesiumKit" */ = {
			isa = XCConfigurationList;
			buildConfigurations = (
				94DC79431918425300012DC4 /* Debug */,
				94DC79441918425300012DC4 /* Release */,
			);
			defaultConfigurationIsVisible = 0;
			defaultConfigurationName = Release;
		};
		94DC79451918425300012DC4 /* Build configuration list for PBXNativeTarget "CesiumKit" */ = {
			isa = XCConfigurationList;
			buildConfigurations = (
				94DC79461918425300012DC4 /* Debug */,
				94DC79471918425300012DC4 /* Release */,
			);
			defaultConfigurationIsVisible = 0;
			defaultConfigurationName = Release;
		};
		94DC79481918425300012DC4 /* Build configuration list for PBXNativeTarget "CesiumKitTests" */ = {
			isa = XCConfigurationList;
			buildConfigurations = (
				94DC79491918425300012DC4 /* Debug */,
				94DC794A1918425300012DC4 /* Release */,
			);
			defaultConfigurationIsVisible = 0;
			defaultConfigurationName = Release;
		};
/* End XCConfigurationList section */
	};
	rootObject = 94DC791A1918425300012DC4 /* Project object */;
}
